{
  "version": 4,
  "terraform_version": "1.4.6",
  "serial": 8986,
  "lineage": "b3850ccd-f745-5c43-d814-e81b9f0775be",
  "outputs": {},
  "resources": [
    {
      "mode": "managed",
      "type": "kubernetes_config_map",
      "name": "prometheus_config",
      "provider": "provider[\"registry.terraform.io/hashicorp/kubernetes\"]",
      "instances": [
        {
          "schema_version": 0,
          "attributes": {
            "binary_data": null,
            "data": {
              "prometheus.yml": "global:\n  scrape_interval: 15s\n  evaluation_interval: 15s\n\nscrape_configs:\n  - job_name: \"kubernetes-pods\"\n    kubernetes_sd_configs:\n      - role: pod\n    relabel_configs:\n      - source_labels: [\"__meta_kubernetes_namespace\"]\n        regex: \"rdsv\"\n        action: \"keep\"\n      - source_labels: [\"__meta_kubernetes_pod_label_k8s_app\"]\n        regex: \"vnf-.*\"\n        action: \"keep\"\n      - source_labels: [\"__meta_kubernetes_pod_ip\"]\n        target_label: \"__address__\"\n        replacement: \"$1:9100\"\n\n      \n\n  - job_name: \"prometheus\"\n    static_configs:\n      - targets: [\"localhost:9090\"]\n"
            },
            "id": "monitoring/prometheus-config",
            "immutable": false,
            "metadata": [
              {
                "annotations": null,
                "generate_name": "",
                "generation": 0,
                "labels": null,
                "name": "prometheus-config",
                "namespace": "monitoring",
                "resource_version": "269411",
                "uid": "a5bc0145-6d83-4b62-a428-6d4f3e847589"
              }
            ]
          },
          "sensitive_attributes": [],
          "private": "bnVsbA==",
          "dependencies": [
            "kubernetes_namespace.monitoring"
          ]
        }
      ]
    },
    {
      "mode": "managed",
      "type": "kubernetes_deployment",
      "name": "grafana",
      "provider": "provider[\"registry.terraform.io/hashicorp/kubernetes\"]",
      "instances": [
        {
          "schema_version": 1,
          "attributes": {
            "id": "monitoring/grafana",
            "metadata": [
              {
                "annotations": null,
                "generate_name": "",
                "generation": 1,
                "labels": null,
                "name": "grafana",
                "namespace": "monitoring",
                "resource_version": "269672",
                "uid": "7cbc8553-bde5-47d4-9ae5-2ebbb2ce5612"
              }
            ],
            "spec": [
              {
                "min_ready_seconds": 0,
                "paused": false,
                "progress_deadline_seconds": 600,
                "replicas": "1",
                "revision_history_limit": 10,
                "selector": [
                  {
                    "match_expressions": [],
                    "match_labels": {
                      "app": "grafana"
                    }
                  }
                ],
                "strategy": [
                  {
                    "rolling_update": [
                      {
                        "max_surge": "25%",
                        "max_unavailable": "25%"
                      }
                    ],
                    "type": "RollingUpdate"
                  }
                ],
                "template": [
                  {
                    "metadata": [
                      {
                        "annotations": null,
                        "generate_name": "",
                        "generation": 0,
                        "labels": {
                          "app": "grafana"
                        },
                        "name": "",
                        "namespace": "",
                        "resource_version": "",
                        "uid": ""
                      }
                    ],
                    "spec": [
                      {
                        "active_deadline_seconds": 0,
                        "affinity": [],
                        "automount_service_account_token": true,
                        "container": [
                          {
                            "args": null,
                            "command": null,
                            "env": [
                              {
                                "name": "GF_SECURITY_ADMIN_USER",
                                "value": "admin",
                                "value_from": []
                              },
                              {
                                "name": "GF_SECURITY_ADMIN_PASSWORD",
                                "value": "admin",
                                "value_from": []
                              }
                            ],
                            "env_from": [],
                            "image": "grafana/grafana-oss:latest",
                            "image_pull_policy": "Always",
                            "lifecycle": [],
                            "liveness_probe": [],
                            "name": "grafana",
                            "port": [
                              {
                                "container_port": 3000,
                                "host_ip": "",
                                "host_port": 0,
                                "name": "http",
                                "protocol": "TCP"
                              }
                            ],
                            "readiness_probe": [],
                            "resources": [
                              {
                                "limits": {},
                                "requests": {}
                              }
                            ],
                            "security_context": [],
                            "startup_probe": [],
                            "stdin": false,
                            "stdin_once": false,
                            "termination_message_path": "/dev/termination-log",
                            "termination_message_policy": "File",
                            "tty": false,
                            "volume_device": [],
                            "volume_mount": [
                              {
                                "mount_path": "/var/lib/grafana",
                                "mount_propagation": "None",
                                "name": "grafana-data",
                                "read_only": false,
                                "sub_path": ""
                              }
                            ],
                            "working_dir": ""
                          }
                        ],
                        "dns_config": [],
                        "dns_policy": "ClusterFirst",
                        "enable_service_links": true,
                        "host_aliases": [],
                        "host_ipc": false,
                        "host_network": true,
                        "host_pid": false,
                        "hostname": "",
                        "image_pull_secrets": [],
                        "init_container": [],
                        "node_name": "",
                        "node_selector": null,
                        "os": [],
                        "priority_class_name": "",
                        "readiness_gate": [],
                        "restart_policy": "Always",
                        "runtime_class_name": "",
                        "scheduler_name": "default-scheduler",
                        "security_context": [],
                        "service_account_name": "",
                        "share_process_namespace": false,
                        "subdomain": "",
                        "termination_grace_period_seconds": 30,
                        "toleration": [],
                        "topology_spread_constraint": [],
                        "volume": [
                          {
                            "aws_elastic_block_store": [],
                            "azure_disk": [],
                            "azure_file": [],
                            "ceph_fs": [],
                            "cinder": [],
                            "config_map": [],
                            "csi": [],
                            "downward_api": [],
                            "empty_dir": [],
                            "ephemeral": [],
                            "fc": [],
                            "flex_volume": [],
                            "flocker": [],
                            "gce_persistent_disk": [],
                            "git_repo": [],
                            "glusterfs": [],
                            "host_path": [],
                            "iscsi": [],
                            "local": [],
                            "name": "grafana-data",
                            "nfs": [],
                            "persistent_volume_claim": [
                              {
                                "claim_name": "grafana-data",
                                "read_only": false
                              }
                            ],
                            "photon_persistent_disk": [],
                            "projected": [],
                            "quobyte": [],
                            "rbd": [],
                            "secret": [],
                            "vsphere_volume": []
                          }
                        ]
                      }
                    ]
                  }
                ]
              }
            ],
            "timeouts": null,
            "wait_for_rollout": true
          },
          "sensitive_attributes": [],
          "private": "eyJlMmJmYjczMC1lY2FhLTExZTYtOGY4OC0zNDM2M2JjN2M0YzAiOnsiY3JlYXRlIjo2MDAwMDAwMDAwMDAsImRlbGV0ZSI6NjAwMDAwMDAwMDAwLCJ1cGRhdGUiOjYwMDAwMDAwMDAwMH0sInNjaGVtYV92ZXJzaW9uIjoiMSJ9",
          "dependencies": [
            "kubernetes_namespace.monitoring",
            "kubernetes_persistent_volume_claim.grafana_data"
          ]
        }
      ]
    },
    {
      "mode": "managed",
      "type": "kubernetes_deployment",
      "name": "prometheus",
      "provider": "provider[\"registry.terraform.io/hashicorp/kubernetes\"]",
      "instances": [
        {
          "schema_version": 1,
          "attributes": {
            "id": "monitoring/prometheus",
            "metadata": [
              {
                "annotations": null,
                "generate_name": "",
                "generation": 1,
                "labels": null,
                "name": "prometheus",
                "namespace": "monitoring",
                "resource_version": "269671",
                "uid": "a45fa966-6fa3-4d42-af90-6cc38b5dbc01"
              }
            ],
            "spec": [
              {
                "min_ready_seconds": 0,
                "paused": false,
                "progress_deadline_seconds": 600,
                "replicas": "1",
                "revision_history_limit": 10,
                "selector": [
                  {
                    "match_expressions": [],
                    "match_labels": {
                      "app": "prometheus"
                    }
                  }
                ],
                "strategy": [
                  {
                    "rolling_update": [
                      {
                        "max_surge": "25%",
                        "max_unavailable": "25%"
                      }
                    ],
                    "type": "RollingUpdate"
                  }
                ],
                "template": [
                  {
                    "metadata": [
                      {
                        "annotations": null,
                        "generate_name": "",
                        "generation": 0,
                        "labels": {
                          "app": "prometheus"
                        },
                        "name": "",
                        "namespace": "",
                        "resource_version": "",
                        "uid": ""
                      }
                    ],
                    "spec": [
                      {
                        "active_deadline_seconds": 0,
                        "affinity": [],
                        "automount_service_account_token": true,
                        "container": [
                          {
                            "args": [
                              "--config.file=/etc/prometheus/prometheus.yml",
                              "--storage.tsdb.path=/prometheus",
                              "--web.enable-lifecycle"
                            ],
                            "command": null,
                            "env": [],
                            "env_from": [],
                            "image": "prom/prometheus:latest",
                            "image_pull_policy": "Always",
                            "lifecycle": [],
                            "liveness_probe": [],
                            "name": "prometheus",
                            "port": [
                              {
                                "container_port": 9090,
                                "host_ip": "",
                                "host_port": 0,
                                "name": "web",
                                "protocol": "TCP"
                              }
                            ],
                            "readiness_probe": [],
                            "resources": [
                              {
                                "limits": {},
                                "requests": {}
                              }
                            ],
                            "security_context": [],
                            "startup_probe": [],
                            "stdin": false,
                            "stdin_once": false,
                            "termination_message_path": "/dev/termination-log",
                            "termination_message_policy": "File",
                            "tty": false,
                            "volume_device": [],
                            "volume_mount": [
                              {
                                "mount_path": "/etc/prometheus",
                                "mount_propagation": "None",
                                "name": "config",
                                "read_only": false,
                                "sub_path": ""
                              },
                              {
                                "mount_path": "/prometheus",
                                "mount_propagation": "None",
                                "name": "data",
                                "read_only": false,
                                "sub_path": ""
                              }
                            ],
                            "working_dir": ""
                          }
                        ],
                        "dns_config": [],
                        "dns_policy": "ClusterFirst",
                        "enable_service_links": true,
                        "host_aliases": [],
                        "host_ipc": false,
                        "host_network": true,
                        "host_pid": false,
                        "hostname": "",
                        "image_pull_secrets": [],
                        "init_container": [],
                        "node_name": "",
                        "node_selector": null,
                        "os": [],
                        "priority_class_name": "",
                        "readiness_gate": [],
                        "restart_policy": "Always",
                        "runtime_class_name": "",
                        "scheduler_name": "default-scheduler",
                        "security_context": [],
                        "service_account_name": "",
                        "share_process_namespace": false,
                        "subdomain": "",
                        "termination_grace_period_seconds": 30,
                        "toleration": [],
                        "topology_spread_constraint": [],
                        "volume": [
                          {
                            "aws_elastic_block_store": [],
                            "azure_disk": [],
                            "azure_file": [],
                            "ceph_fs": [],
                            "cinder": [],
                            "config_map": [
                              {
                                "default_mode": "0644",
                                "items": [],
                                "name": "prometheus-config",
                                "optional": false
                              }
                            ],
                            "csi": [],
                            "downward_api": [],
                            "empty_dir": [],
                            "ephemeral": [],
                            "fc": [],
                            "flex_volume": [],
                            "flocker": [],
                            "gce_persistent_disk": [],
                            "git_repo": [],
                            "glusterfs": [],
                            "host_path": [],
                            "iscsi": [],
                            "local": [],
                            "name": "config",
                            "nfs": [],
                            "persistent_volume_claim": [],
                            "photon_persistent_disk": [],
                            "projected": [],
                            "quobyte": [],
                            "rbd": [],
                            "secret": [],
                            "vsphere_volume": []
                          },
                          {
                            "aws_elastic_block_store": [],
                            "azure_disk": [],
                            "azure_file": [],
                            "ceph_fs": [],
                            "cinder": [],
                            "config_map": [],
                            "csi": [],
                            "downward_api": [],
                            "empty_dir": [],
                            "ephemeral": [],
                            "fc": [],
                            "flex_volume": [],
                            "flocker": [],
                            "gce_persistent_disk": [],
                            "git_repo": [],
                            "glusterfs": [],
                            "host_path": [],
                            "iscsi": [],
                            "local": [],
                            "name": "data",
                            "nfs": [],
                            "persistent_volume_claim": [
                              {
                                "claim_name": "prometheus-data",
                                "read_only": false
                              }
                            ],
                            "photon_persistent_disk": [],
                            "projected": [],
                            "quobyte": [],
                            "rbd": [],
                            "secret": [],
                            "vsphere_volume": []
                          }
                        ]
                      }
                    ]
                  }
                ]
              }
            ],
            "timeouts": null,
            "wait_for_rollout": true
          },
          "sensitive_attributes": [],
          "private": "eyJlMmJmYjczMC1lY2FhLTExZTYtOGY4OC0zNDM2M2JjN2M0YzAiOnsiY3JlYXRlIjo2MDAwMDAwMDAwMDAsImRlbGV0ZSI6NjAwMDAwMDAwMDAwLCJ1cGRhdGUiOjYwMDAwMDAwMDAwMH0sInNjaGVtYV92ZXJzaW9uIjoiMSJ9",
          "dependencies": [
            "kubernetes_config_map.prometheus_config",
            "kubernetes_namespace.monitoring",
            "kubernetes_persistent_volume_claim.prometheus_data"
          ]
        }
      ]
    },
    {
      "mode": "managed",
      "type": "kubernetes_manifest",
      "name": "net2",
      "provider": "provider[\"registry.terraform.io/hashicorp/kubernetes\"]",
      "instances": [
        {
          "schema_version": 1,
          "attributes": {
            "computed_fields": null,
            "field_manager": [],
            "manifest": {
              "value": {
                "apiVersion": "k8s.cni.cncf.io/v1",
                "kind": "NetworkAttachmentDefinition",
                "metadata": {
                  "name": "net2",
                  "namespace": "rdsv"
                },
                "spec": {
                  "config": "{\"cniVersion\":\"0.3.1\",\"ipam\":{},\"master\":\"eth0\",\"mode\":\"bridge\",\"type\":\"macvlan\"}"
                }
              },
              "type": [
                "object",
                {
                  "apiVersion": "string",
                  "kind": "string",
                  "metadata": [
                    "object",
                    {
                      "name": "string",
                      "namespace": "string"
                    }
                  ],
                  "spec": [
                    "object",
                    {
                      "config": "string"
                    }
                  ]
                }
              ]
            },
            "object": {
              "value": {
                "apiVersion": "k8s.cni.cncf.io/v1",
                "kind": "NetworkAttachmentDefinition",
                "metadata": {
                  "annotations": null,
                  "creationTimestamp": null,
                  "deletionGracePeriodSeconds": null,
                  "deletionTimestamp": null,
                  "finalizers": null,
                  "generateName": null,
                  "generation": null,
                  "labels": null,
                  "managedFields": null,
                  "name": "net2",
                  "namespace": "rdsv",
                  "ownerReferences": null,
                  "resourceVersion": null,
                  "selfLink": null,
                  "uid": null
                },
                "spec": {
                  "config": "{\"cniVersion\":\"0.3.1\",\"ipam\":{},\"master\":\"eth0\",\"mode\":\"bridge\",\"type\":\"macvlan\"}"
                }
              },
              "type": [
                "object",
                {
                  "apiVersion": "string",
                  "kind": "string",
                  "metadata": [
                    "object",
                    {
                      "annotations": [
                        "map",
                        "string"
                      ],
                      "creationTimestamp": "string",
                      "deletionGracePeriodSeconds": "number",
                      "deletionTimestamp": "string",
                      "finalizers": [
                        "list",
                        "string"
                      ],
                      "generateName": "string",
                      "generation": "number",
                      "labels": [
                        "map",
                        "string"
                      ],
                      "managedFields": [
                        "tuple",
                        [
                          [
                            "object",
                            {
                              "apiVersion": "string",
                              "fieldsType": "string",
                              "fieldsV1": "dynamic",
                              "manager": "string",
                              "operation": "string",
                              "subresource": "string",
                              "time": "string"
                            }
                          ]
                        ]
                      ],
                      "name": "string",
                      "namespace": "string",
                      "ownerReferences": [
                        "list",
                        [
                          "object",
                          {
                            "apiVersion": "string",
                            "blockOwnerDeletion": "bool",
                            "controller": "bool",
                            "kind": "string",
                            "name": "string",
                            "uid": "string"
                          }
                        ]
                      ],
                      "resourceVersion": "string",
                      "selfLink": "string",
                      "uid": "string"
                    }
                  ],
                  "spec": [
                    "object",
                    {
                      "config": "string"
                    }
                  ]
                }
              ]
            },
            "timeouts": [],
            "wait": [],
            "wait_for": null
          },
          "sensitive_attributes": []
        }
      ]
    },
    {
      "mode": "managed",
      "type": "kubernetes_namespace",
      "name": "monitoring",
      "provider": "provider[\"registry.terraform.io/hashicorp/kubernetes\"]",
      "instances": [
        {
          "schema_version": 0,
          "attributes": {
            "id": "monitoring",
            "metadata": [
              {
                "annotations": null,
                "generate_name": "",
                "generation": 0,
                "labels": null,
                "name": "monitoring",
                "resource_version": "269336",
                "uid": "273f62bc-2ddf-4497-bc31-d9cb937d4ff3"
              }
            ],
            "timeouts": null,
            "wait_for_default_service_account": false
          },
          "sensitive_attributes": [],
          "private": "eyJlMmJmYjczMC1lY2FhLTExZTYtOGY4OC0zNDM2M2JjN2M0YzAiOnsiZGVsZXRlIjozMDAwMDAwMDAwMDB9fQ=="
        }
      ]
    },
    {
      "mode": "managed",
      "type": "kubernetes_persistent_volume_claim",
      "name": "grafana_data",
      "provider": "provider[\"registry.terraform.io/hashicorp/kubernetes\"]",
      "instances": [
        {
          "schema_version": 0,
          "attributes": {
            "id": "monitoring/grafana-data",
            "metadata": [
              {
                "annotations": null,
                "generate_name": "",
                "generation": 0,
                "labels": null,
                "name": "grafana-data",
                "namespace": "monitoring",
                "resource_version": "269620",
                "uid": "33c14b8b-5ff1-4f86-9ef4-ab9c4747c0af"
              }
            ],
            "spec": [
              {
                "access_modes": [
                  "ReadWriteOnce"
                ],
                "resources": [
                  {
                    "limits": null,
                    "requests": {
                      "storage": "5Gi"
                    }
                  }
                ],
                "selector": [],
                "storage_class_name": "hostpath-immediate",
                "volume_mode": "Filesystem",
                "volume_name": "pvc-33c14b8b-5ff1-4f86-9ef4-ab9c4747c0af"
              }
            ],
            "timeouts": null,
            "wait_until_bound": true
          },
          "sensitive_attributes": [],
          "private": "eyJlMmJmYjczMC1lY2FhLTExZTYtOGY4OC0zNDM2M2JjN2M0YzAiOnsiY3JlYXRlIjozMDAwMDAwMDAwMDB9fQ==",
          "dependencies": [
            "kubernetes_namespace.monitoring"
          ]
        }
      ]
    },
    {
      "mode": "managed",
      "type": "kubernetes_persistent_volume_claim",
      "name": "prometheus_data",
      "provider": "provider[\"registry.terraform.io/hashicorp/kubernetes\"]",
      "instances": [
        {
          "schema_version": 0,
          "attributes": {
            "id": "monitoring/prometheus-data",
            "metadata": [
              {
                "annotations": null,
                "generate_name": "",
                "generation": 0,
                "labels": null,
                "name": "prometheus-data",
                "namespace": "monitoring",
                "resource_version": "269617",
                "uid": "96b9f7f9-b9c5-454a-b7fd-2ffe471f9189"
              }
            ],
            "spec": [
              {
                "access_modes": [
                  "ReadWriteOnce"
                ],
                "resources": [
                  {
                    "limits": null,
                    "requests": {
                      "storage": "10Gi"
                    }
                  }
                ],
                "selector": [],
                "storage_class_name": "hostpath-immediate",
                "volume_mode": "Filesystem",
                "volume_name": "pvc-96b9f7f9-b9c5-454a-b7fd-2ffe471f9189"
              }
            ],
            "timeouts": null,
            "wait_until_bound": true
          },
          "sensitive_attributes": [],
          "private": "eyJlMmJmYjczMC1lY2FhLTExZTYtOGY4OC0zNDM2M2JjN2M0YzAiOnsiY3JlYXRlIjozMDAwMDAwMDAwMDB9fQ==",
          "dependencies": [
            "kubernetes_namespace.monitoring"
          ]
        }
      ]
    },
    {
      "mode": "managed",
      "type": "kubernetes_pod",
      "name": "knf_ctrl",
      "provider": "provider[\"registry.terraform.io/hashicorp/kubernetes\"]",
      "instances": [
        {
          "index_key": "site1",
          "schema_version": 1,
          "attributes": {
            "id": "rdsv/knf-ctrl-site1",
            "metadata": [
              {
                "annotations": {
                  "cni.projectcalico.org/containerID": "c10a5d04f55f7d6ce3aa29cb086635604c04d5ed502a8c55f80d110c71581190",
                  "cni.projectcalico.org/podIP": "10.1.138.38/32",
                  "cni.projectcalico.org/podIPs": "10.1.138.38/32",
                  "k8s.v1.cni.cncf.io/network-status": "[{\n    \"name\": \"k8s-pod-network\",\n    \"ips\": [\n        \"10.1.138.38\"\n    ],\n    \"default\": true,\n    \"dns\": {}\n}]"
                },
                "generate_name": "",
                "generation": 0,
                "labels": {
                  "k8s-app": "knf-ctrl-site1"
                },
                "name": "knf-ctrl-site1",
                "namespace": "rdsv",
                "resource_version": "269560",
                "uid": "1c494bc9-541a-4ffd-a0f6-ea249c95036a"
              }
            ],
            "spec": [
              {
                "active_deadline_seconds": 0,
                "affinity": [],
                "automount_service_account_token": true,
                "container": [
                  {
                    "args": null,
                    "command": [
                      "sh",
                      "-c",
                      "set -e\n# Garantizamos que flowmanager sea importable\n[ -f flowmanager/__init__.py ] || mkdir -p flowmanager \u0026\u0026 touch flowmanager/__init__.py\nexport PYTHONPATH=/root:$PYTHONPATH\n\necho \"🚀 Lanzando Ryu controller…\"\nexec /usr/local/bin/ryu-manager \\\n  --ofp-tcp-listen-port 6633 \\\n  flowmanager.flowmanager \\\n  ryu.app.rest_conf_switch \\\n  ryu.app.ofctl_rest \\\n  ryu.app.rest_qos \\\n  qos_simple_switch_13\n"
                    ],
                    "env": [],
                    "env_from": [],
                    "image": "abelrodrigo123/vnf-ryu:latest",
                    "image_pull_policy": "Always",
                    "lifecycle": [],
                    "liveness_probe": [],
                    "name": "ryu",
                    "port": [
                      {
                        "container_port": 8080,
                        "host_ip": "",
                        "host_port": 0,
                        "name": "rest",
                        "protocol": "TCP"
                      },
                      {
                        "container_port": 6633,
                        "host_ip": "",
                        "host_port": 0,
                        "name": "ofp",
                        "protocol": "TCP"
                      }
                    ],
                    "readiness_probe": [],
                    "resources": [
                      {
                        "limits": {},
                        "requests": {}
                      }
                    ],
                    "security_context": [],
                    "startup_probe": [],
                    "stdin": false,
                    "stdin_once": false,
                    "termination_message_path": "/dev/termination-log",
                    "termination_message_policy": "File",
                    "tty": false,
                    "volume_device": [],
                    "volume_mount": [],
                    "working_dir": "/root"
                  }
                ],
                "dns_config": [],
                "dns_policy": "ClusterFirst",
                "enable_service_links": true,
                "host_aliases": [],
                "host_ipc": false,
                "host_network": false,
                "host_pid": false,
                "hostname": "",
                "image_pull_secrets": [],
                "init_container": [],
                "node_name": "vnxlab",
                "node_selector": null,
                "os": [],
                "priority_class_name": "",
                "readiness_gate": [],
                "restart_policy": "Always",
                "runtime_class_name": "",
                "scheduler_name": "default-scheduler",
                "security_context": [],
                "service_account_name": "default",
                "share_process_namespace": false,
                "subdomain": "",
                "termination_grace_period_seconds": 30,
                "toleration": [],
                "topology_spread_constraint": [],
                "volume": []
              }
            ],
            "target_state": null,
            "timeouts": null
          },
          "sensitive_attributes": [],
          "private": "eyJlMmJmYjczMC1lY2FhLTExZTYtOGY4OC0zNDM2M2JjN2M0YzAiOnsiY3JlYXRlIjozMDAwMDAwMDAwMDAsImRlbGV0ZSI6MzAwMDAwMDAwMDAwfSwic2NoZW1hX3ZlcnNpb24iOiIxIn0="
        },
        {
          "index_key": "site2",
          "schema_version": 1,
          "attributes": {
            "id": "rdsv/knf-ctrl-site2",
            "metadata": [
              {
                "annotations": {
                  "cni.projectcalico.org/containerID": "22ad0ad2ca830f3d72d5143a11cee075389087275191c9f9c1e9670532fd95d3",
                  "cni.projectcalico.org/podIP": "10.1.138.63/32",
                  "cni.projectcalico.org/podIPs": "10.1.138.63/32",
                  "k8s.v1.cni.cncf.io/network-status": "[{\n    \"name\": \"k8s-pod-network\",\n    \"ips\": [\n        \"10.1.138.63\"\n    ],\n    \"default\": true,\n    \"dns\": {}\n}]"
                },
                "generate_name": "",
                "generation": 0,
                "labels": {
                  "k8s-app": "knf-ctrl-site2"
                },
                "name": "knf-ctrl-site2",
                "namespace": "rdsv",
                "resource_version": "269569",
                "uid": "b808488a-aaf8-40ee-a370-85aa0d5fb8bb"
              }
            ],
            "spec": [
              {
                "active_deadline_seconds": 0,
                "affinity": [],
                "automount_service_account_token": true,
                "container": [
                  {
                    "args": null,
                    "command": [
                      "sh",
                      "-c",
                      "set -e\n# Garantizamos que flowmanager sea importable\n[ -f flowmanager/__init__.py ] || mkdir -p flowmanager \u0026\u0026 touch flowmanager/__init__.py\nexport PYTHONPATH=/root:$PYTHONPATH\n\necho \"🚀 Lanzando Ryu controller…\"\nexec /usr/local/bin/ryu-manager \\\n  --ofp-tcp-listen-port 6633 \\\n  flowmanager.flowmanager \\\n  ryu.app.rest_conf_switch \\\n  ryu.app.ofctl_rest \\\n  ryu.app.rest_qos \\\n  qos_simple_switch_13\n"
                    ],
                    "env": [],
                    "env_from": [],
                    "image": "abelrodrigo123/vnf-ryu:latest",
                    "image_pull_policy": "Always",
                    "lifecycle": [],
                    "liveness_probe": [],
                    "name": "ryu",
                    "port": [
                      {
                        "container_port": 8080,
                        "host_ip": "",
                        "host_port": 0,
                        "name": "rest",
                        "protocol": "TCP"
                      },
                      {
                        "container_port": 6633,
                        "host_ip": "",
                        "host_port": 0,
                        "name": "ofp",
                        "protocol": "TCP"
                      }
                    ],
                    "readiness_probe": [],
                    "resources": [
                      {
                        "limits": {},
                        "requests": {}
                      }
                    ],
                    "security_context": [],
                    "startup_probe": [],
                    "stdin": false,
                    "stdin_once": false,
                    "termination_message_path": "/dev/termination-log",
                    "termination_message_policy": "File",
                    "tty": false,
                    "volume_device": [],
                    "volume_mount": [],
                    "working_dir": "/root"
                  }
                ],
                "dns_config": [],
                "dns_policy": "ClusterFirst",
                "enable_service_links": true,
                "host_aliases": [],
                "host_ipc": false,
                "host_network": false,
                "host_pid": false,
                "hostname": "",
                "image_pull_secrets": [],
                "init_container": [],
                "node_name": "vnxlab",
                "node_selector": null,
                "os": [],
                "priority_class_name": "",
                "readiness_gate": [],
                "restart_policy": "Always",
                "runtime_class_name": "",
                "scheduler_name": "default-scheduler",
                "security_context": [],
                "service_account_name": "default",
                "share_process_namespace": false,
                "subdomain": "",
                "termination_grace_period_seconds": 30,
                "toleration": [],
                "topology_spread_constraint": [],
                "volume": []
              }
            ],
            "target_state": null,
            "timeouts": null
          },
          "sensitive_attributes": [],
          "private": "eyJlMmJmYjczMC1lY2FhLTExZTYtOGY4OC0zNDM2M2JjN2M0YzAiOnsiY3JlYXRlIjozMDAwMDAwMDAwMDAsImRlbGV0ZSI6MzAwMDAwMDAwMDAwfSwic2NoZW1hX3ZlcnNpb24iOiIxIn0="
        }
      ]
    },
    {
      "mode": "managed",
      "type": "kubernetes_pod",
      "name": "vnf_access",
      "provider": "provider[\"registry.terraform.io/hashicorp/kubernetes\"]",
      "instances": [
        {
          "index_key": "site1",
          "schema_version": 1,
          "attributes": {
            "id": "rdsv/vnf-access-site1",
            "metadata": [
              {
                "annotations": {
                  "cni.projectcalico.org/containerID": "06e2f67e5022cf762d613418dd9390f8abdc9af20a8b11eaf8a39da6847001f7",
                  "cni.projectcalico.org/podIP": "10.1.138.4/32",
                  "cni.projectcalico.org/podIPs": "10.1.138.4/32",
                  "k8s.v1.cni.cncf.io/network-status": "[{\n    \"name\": \"k8s-pod-network\",\n    \"ips\": [\n        \"10.1.138.4\"\n    ],\n    \"default\": true,\n    \"dns\": {}\n},{\n    \"name\": \"rdsv/accessnet1\",\n    \"interface\": \"net1\",\n    \"mac\": \"de:f5:8c:a4:0a:aa\",\n    \"dns\": {}\n}]",
                  "k8s.v1.cni.cncf.io/networks": "[{\"interface\":\"net1\",\"name\":\"accessnet1\"}]"
                },
                "generate_name": "",
                "generation": 0,
                "labels": {
                  "k8s-app": "vnf-access-site1"
                },
                "name": "vnf-access-site1",
                "namespace": "rdsv",
                "resource_version": "269573",
                "uid": "b883fbba-d7ae-4bdf-bb5f-8a8cf2094c9a"
              }
            ],
            "spec": [
              {
                "active_deadline_seconds": 0,
                "affinity": [],
                "automount_service_account_token": true,
                "container": [
                  {
                    "args": null,
                    "command": [
                      "/bin/sh",
                      "-c",
                      "    set -e -x\n    /usr/share/openvswitch/scripts/ovs-ctl start\n    while [ ! -e /var/run/openvswitch/db.sock ]; do\n      echo '⏳ Esperando OVS...'\n      sleep 1\n    done\n\n    while true; do\n      CPE_IP=$(getent hosts vnf-cpe-service-site1 | awk '{ print $1 }')\n      if [ ! -z \"$CPE_IP\" ]; then break; fi\n      echo \"⏳ Esperando IP de vnf-cpe...\"\n      sleep 2\n    done\n\n    ACCESS_IP=$(hostname -i)\n    echo \"🌐 IP local (access): $ACCESS_IP\"\n    echo \"🎯 IP remota (cpe): $CPE_IP\"\n\n    ip link del vxlan2 2\u003e/dev/null || true \n    ip link del axscpe 2\u003e/dev/null || true \n\n    ovs-vsctl add-br brint\n    ip link set brint up\n    ifconfig net1 10.255.0.1/24\n\n    ip link add vxlan2 type vxlan id 2 remote 10.255.0.2 dstport 8742 dev net1\n    ip link add axscpe type vxlan id 4 remote $CPE_IP dstport 8742 dev eth0\n\n    ovs-vsctl add-port brint vxlan2\n    ovs-vsctl add-port brint axscpe\n    ip link set vxlan2 up\n    ip link set axscpe up\n\n    #########################################\n    ###############  BRWAN  #################\n    #########################################\n\n    ovs-vsctl add-br brwan\n\n    # VXLAN al cliente\n    ip link add vxlan1 type vxlan id 1 remote 10.255.0.2 dstport 4789 dev net1\n\n    # Esperar IP del vnf-wan\n    while true; do\n    WAN_IP=$(getent hosts vnf-wan-site1-pod | awk '{print $1}')\n      if [ ! -z \"$WAN_IP\" ]; then break; fi\n      echo \"⏳ Esperando IP de vnf-wan-site1...\"\n      sleep 2\n    done\n\n   # VXLAN al WAN\n    ip link add axswan type vxlan id 3 remote $WAN_IP dstport 4788 dev eth0\n\n    ovs-vsctl add-port brwan vxlan1\n    ovs-vsctl add-port brwan axswan\n\n    ip link set vxlan1 up\n    ip link set axswan up\n    \n    \n    #########################################\n   #######  Conectar ambos bridges a Ryu ###\n   #########################################\n\n   while true; do\n  RYU_IP=$(getent hosts knf-ctrl-site1-svc | awk '{print $1}')\n  if [ -n \"$RYU_IP\" ]; then\n    echo \"🔗 Ryu controller IP: $RYU_IP\"\n    break\n  fi\n  echo \"⏳ Esperando IP de controller…\"\n  sleep 2\ndone\n\n   ## 3. Activar el modo SDN en VNF:access\"\n        ovs-vsctl set bridge brwan protocols=OpenFlow10,OpenFlow12,OpenFlow13\n        ovs-vsctl set-fail-mode brwan secure\n        ovs-vsctl set bridge brwan other-config:datapath-id=0000000000000003\n        ovs-vsctl set-controller brwan tcp:$RYU_IP:6633\n        ovs-vsctl set-manager ptcp:6632\n\n    sleep infinity\n"
                    ],
                    "env": [],
                    "env_from": [],
                    "image": "educaredes/vnf-access",
                    "image_pull_policy": "Always",
                    "lifecycle": [],
                    "liveness_probe": [],
                    "name": "vnf-access",
                    "port": [],
                    "readiness_probe": [],
                    "resources": [
                      {
                        "limits": {},
                        "requests": {}
                      }
                    ],
                    "security_context": [
                      {
                        "allow_privilege_escalation": true,
                        "capabilities": [
                          {
                            "add": [
                              "NET_ADMIN",
                              "SYS_ADMIN"
                            ],
                            "drop": null
                          }
                        ],
                        "privileged": true,
                        "read_only_root_filesystem": false,
                        "run_as_group": "",
                        "run_as_non_root": false,
                        "run_as_user": "",
                        "se_linux_options": [],
                        "seccomp_profile": []
                      }
                    ],
                    "startup_probe": [],
                    "stdin": false,
                    "stdin_once": false,
                    "termination_message_path": "/dev/termination-log",
                    "termination_message_policy": "File",
                    "tty": false,
                    "volume_device": [],
                    "volume_mount": [],
                    "working_dir": ""
                  },
                  {
                    "args": null,
                    "command": null,
                    "env": [],
                    "env_from": [],
                    "image": "quay.io/prometheus/node-exporter:latest",
                    "image_pull_policy": "Always",
                    "lifecycle": [],
                    "liveness_probe": [],
                    "name": "node-exporter",
                    "port": [
                      {
                        "container_port": 9100,
                        "host_ip": "",
                        "host_port": 0,
                        "name": "",
                        "protocol": "TCP"
                      }
                    ],
                    "readiness_probe": [],
                    "resources": [
                      {
                        "limits": {
                          "cpu": "100m",
                          "memory": "128Mi"
                        },
                        "requests": {
                          "cpu": "50m",
                          "memory": "64Mi"
                        }
                      }
                    ],
                    "security_context": [],
                    "startup_probe": [],
                    "stdin": false,
                    "stdin_once": false,
                    "termination_message_path": "/dev/termination-log",
                    "termination_message_policy": "File",
                    "tty": false,
                    "volume_device": [],
                    "volume_mount": [],
                    "working_dir": ""
                  }
                ],
                "dns_config": [],
                "dns_policy": "ClusterFirst",
                "enable_service_links": true,
                "host_aliases": [],
                "host_ipc": false,
                "host_network": false,
                "host_pid": false,
                "hostname": "",
                "image_pull_secrets": [],
                "init_container": [],
                "node_name": "vnxlab",
                "node_selector": null,
                "os": [],
                "priority_class_name": "",
                "readiness_gate": [],
                "restart_policy": "Always",
                "runtime_class_name": "",
                "scheduler_name": "default-scheduler",
                "security_context": [],
                "service_account_name": "default",
                "share_process_namespace": false,
                "subdomain": "",
                "termination_grace_period_seconds": 30,
                "toleration": [],
                "topology_spread_constraint": [],
                "volume": []
              }
            ],
            "target_state": null,
            "timeouts": null
          },
          "sensitive_attributes": [],
          "private": "eyJlMmJmYjczMC1lY2FhLTExZTYtOGY4OC0zNDM2M2JjN2M0YzAiOnsiY3JlYXRlIjozMDAwMDAwMDAwMDAsImRlbGV0ZSI6MzAwMDAwMDAwMDAwfSwic2NoZW1hX3ZlcnNpb24iOiIxIn0="
        },
        {
          "index_key": "site2",
          "schema_version": 1,
          "attributes": {
            "id": "rdsv/vnf-access-site2",
            "metadata": [
              {
                "annotations": {
                  "cni.projectcalico.org/containerID": "dba9c5b7199f03f51b34b17c4aa439a2f7c5b614bc5a0e8230b887cf1b29581a",
                  "cni.projectcalico.org/podIP": "10.1.138.12/32",
                  "cni.projectcalico.org/podIPs": "10.1.138.12/32",
                  "k8s.v1.cni.cncf.io/network-status": "[{\n    \"name\": \"k8s-pod-network\",\n    \"ips\": [\n        \"10.1.138.12\"\n    ],\n    \"default\": true,\n    \"dns\": {}\n},{\n    \"name\": \"rdsv/accessnet2\",\n    \"interface\": \"net2\",\n    \"mac\": \"ca:d9:52:79:37:a5\",\n    \"dns\": {}\n}]",
                  "k8s.v1.cni.cncf.io/networks": "[{\"interface\":\"net2\",\"name\":\"accessnet2\"}]"
                },
                "generate_name": "",
                "generation": 0,
                "labels": {
                  "k8s-app": "vnf-access-site2"
                },
                "name": "vnf-access-site2",
                "namespace": "rdsv",
                "resource_version": "269585",
                "uid": "d6baea0b-211c-48b4-94fd-2658b5ed6c93"
              }
            ],
            "spec": [
              {
                "active_deadline_seconds": 0,
                "affinity": [],
                "automount_service_account_token": true,
                "container": [
                  {
                    "args": null,
                    "command": [
                      "/bin/sh",
                      "-c",
                      "    set -e -x\n    /usr/share/openvswitch/scripts/ovs-ctl start\n    while [ ! -e /var/run/openvswitch/db.sock ]; do\n      echo '⏳ Esperando OVS...'\n      sleep 1\n    done\n\n    while true; do\n      CPE_IP=$(getent hosts vnf-cpe-service-site2 | awk '{ print $1 }')\n      if [ ! -z \"$CPE_IP\" ]; then break; fi\n      echo \"⏳ Esperando IP de vnf-cpe...\"\n      sleep 2\n    done\n\n    ACCESS_IP=$(hostname -i)\n    echo \"🌐 IP local (access): $ACCESS_IP\"\n    echo \"🎯 IP remota (cpe): $CPE_IP\"\n\n    ip link del vxlan2 2\u003e/dev/null || true \n    ip link del axscpe 2\u003e/dev/null || true \n\n    ovs-vsctl add-br brint\n    ip link set brint up\n    ifconfig net2 10.255.0.1/24\n\n    ip link add vxlan2 type vxlan id 2 remote 10.255.0.2 dstport 8742 dev net2\n    ip link add axscpe type vxlan id 4 remote $CPE_IP dstport 8742 dev eth0\n\n    ovs-vsctl add-port brint vxlan2\n    ovs-vsctl add-port brint axscpe\n    ip link set vxlan2 up\n    ip link set axscpe up\n\n    #########################################\n    ###############  BRWAN  #################\n    #########################################\n\n    ovs-vsctl add-br brwan\n\n    # VXLAN al cliente\n    ip link add vxlan1 type vxlan id 1 remote 10.255.0.2 dstport 4789 dev net2\n\n    # Esperar IP del vnf-wan\n    while true; do\n    WAN_IP=$(getent hosts vnf-wan-site2-pod | awk '{print $1}')\n      if [ ! -z \"$WAN_IP\" ]; then break; fi\n      echo \"⏳ Esperando IP de vnf-wan-site2...\"\n      sleep 2\n    done\n\n   # VXLAN al WAN\n    ip link add axswan type vxlan id 3 remote $WAN_IP dstport 4788 dev eth0\n\n    ovs-vsctl add-port brwan vxlan1\n    ovs-vsctl add-port brwan axswan\n\n    ip link set vxlan1 up\n    ip link set axswan up\n    \n    \n    #########################################\n   #######  Conectar ambos bridges a Ryu ###\n   #########################################\n\n   while true; do\n  RYU_IP=$(getent hosts knf-ctrl-site2-svc | awk '{print $1}')\n  if [ -n \"$RYU_IP\" ]; then\n    echo \"🔗 Ryu controller IP: $RYU_IP\"\n    break\n  fi\n  echo \"⏳ Esperando IP de controller…\"\n  sleep 2\ndone\n\n   ## 3. Activar el modo SDN en VNF:access\"\n        ovs-vsctl set bridge brwan protocols=OpenFlow10,OpenFlow12,OpenFlow13\n        ovs-vsctl set-fail-mode brwan secure\n        ovs-vsctl set bridge brwan other-config:datapath-id=0000000000000003\n        ovs-vsctl set-controller brwan tcp:$RYU_IP:6633\n        ovs-vsctl set-manager ptcp:6632\n\n    sleep infinity\n"
                    ],
                    "env": [],
                    "env_from": [],
                    "image": "educaredes/vnf-access",
                    "image_pull_policy": "Always",
                    "lifecycle": [],
                    "liveness_probe": [],
                    "name": "vnf-access",
                    "port": [],
                    "readiness_probe": [],
                    "resources": [
                      {
                        "limits": {},
                        "requests": {}
                      }
                    ],
                    "security_context": [
                      {
                        "allow_privilege_escalation": true,
                        "capabilities": [
                          {
                            "add": [
                              "NET_ADMIN",
                              "SYS_ADMIN"
                            ],
                            "drop": null
                          }
                        ],
                        "privileged": true,
                        "read_only_root_filesystem": false,
                        "run_as_group": "",
                        "run_as_non_root": false,
                        "run_as_user": "",
                        "se_linux_options": [],
                        "seccomp_profile": []
                      }
                    ],
                    "startup_probe": [],
                    "stdin": false,
                    "stdin_once": false,
                    "termination_message_path": "/dev/termination-log",
                    "termination_message_policy": "File",
                    "tty": false,
                    "volume_device": [],
                    "volume_mount": [],
                    "working_dir": ""
                  },
                  {
                    "args": null,
                    "command": null,
                    "env": [],
                    "env_from": [],
                    "image": "quay.io/prometheus/node-exporter:latest",
                    "image_pull_policy": "Always",
                    "lifecycle": [],
                    "liveness_probe": [],
                    "name": "node-exporter",
                    "port": [
                      {
                        "container_port": 9100,
                        "host_ip": "",
                        "host_port": 0,
                        "name": "",
                        "protocol": "TCP"
                      }
                    ],
                    "readiness_probe": [],
                    "resources": [
                      {
                        "limits": {
                          "cpu": "100m",
                          "memory": "128Mi"
                        },
                        "requests": {
                          "cpu": "50m",
                          "memory": "64Mi"
                        }
                      }
                    ],
                    "security_context": [],
                    "startup_probe": [],
                    "stdin": false,
                    "stdin_once": false,
                    "termination_message_path": "/dev/termination-log",
                    "termination_message_policy": "File",
                    "tty": false,
                    "volume_device": [],
                    "volume_mount": [],
                    "working_dir": ""
                  }
                ],
                "dns_config": [],
                "dns_policy": "ClusterFirst",
                "enable_service_links": true,
                "host_aliases": [],
                "host_ipc": false,
                "host_network": false,
                "host_pid": false,
                "hostname": "",
                "image_pull_secrets": [],
                "init_container": [],
                "node_name": "vnxlab",
                "node_selector": null,
                "os": [],
                "priority_class_name": "",
                "readiness_gate": [],
                "restart_policy": "Always",
                "runtime_class_name": "",
                "scheduler_name": "default-scheduler",
                "security_context": [],
                "service_account_name": "default",
                "share_process_namespace": false,
                "subdomain": "",
                "termination_grace_period_seconds": 30,
                "toleration": [],
                "topology_spread_constraint": [],
                "volume": []
              }
            ],
            "target_state": null,
            "timeouts": null
          },
          "sensitive_attributes": [],
          "private": "eyJlMmJmYjczMC1lY2FhLTExZTYtOGY4OC0zNDM2M2JjN2M0YzAiOnsiY3JlYXRlIjozMDAwMDAwMDAwMDAsImRlbGV0ZSI6MzAwMDAwMDAwMDAwfSwic2NoZW1hX3ZlcnNpb24iOiIxIn0="
        }
      ]
    },
    {
      "mode": "managed",
      "type": "kubernetes_pod",
      "name": "vnf_cpe",
      "provider": "provider[\"registry.terraform.io/hashicorp/kubernetes\"]",
      "instances": [
        {
          "index_key": "site1",
          "schema_version": 1,
          "attributes": {
            "id": "rdsv/vnf-cpe-site1",
            "metadata": [
              {
                "annotations": {
                  "cni.projectcalico.org/containerID": "e51f19ceeb6207c206fd46229d6ee111e1b323149c62f602d61db7d2f9b6a2aa",
                  "cni.projectcalico.org/podIP": "10.1.138.60/32",
                  "cni.projectcalico.org/podIPs": "10.1.138.60/32",
                  "k8s.v1.cni.cncf.io/network-status": "[{\n    \"name\": \"k8s-pod-network\",\n    \"ips\": [\n        \"10.1.138.60\"\n    ],\n    \"default\": true,\n    \"dns\": {}\n},{\n    \"name\": \"rdsv/extnet1\",\n    \"interface\": \"net1\",\n    \"mac\": \"9a:26:94:2f:5a:17\",\n    \"dns\": {}\n},{\n    \"name\": \"rdsv/net2\",\n    \"interface\": \"net2\",\n    \"mac\": \"d6:95:b6:03:75:0f\",\n    \"dns\": {}\n}]",
                  "k8s.v1.cni.cncf.io/networks": "[{\"interface\":\"net1\",\"name\":\"extnet1\"},{\"interface\":\"net2\",\"name\":\"net2\"}]"
                },
                "generate_name": "",
                "generation": 0,
                "labels": {
                  "k8s-app": "vnf-cpe-site1"
                },
                "name": "vnf-cpe-site1",
                "namespace": "rdsv",
                "resource_version": "269554",
                "uid": "afaf5ef9-9bf4-4530-a725-a44d20cb1570"
              }
            ],
            "spec": [
              {
                "active_deadline_seconds": 0,
                "affinity": [],
                "automount_service_account_token": true,
                "container": [
                  {
                    "args": null,
                    "command": [
                      "/bin/sh",
                      "-c",
                      "          set -e -x\n          /usr/share/openvswitch/scripts/ovs-ctl start\n          while [ ! -e /var/run/openvswitch/db.sock ]; do echo '⏳ Esperando OVS…'; sleep 1; done\n\n          ################################ [1] Resolver ACCESS\n          while true; do\n            ACCESS_IP=$(getent hosts vnf-access-site1-service | awk '{print $1}')\n            [ -n \"$ACCESS_IP\" ] \u0026\u0026 break\n            echo '⏳ Esperando IP de vnf-access…'; sleep 2\n          done\n          echo \"🌐 CPE $(hostname -i) → access $ACCESS_IP\"\n\n          ################################ [2] Resolver WAN antes de tocar rutas\n          while true; do\n            WAN_IP=$(getent hosts vnf-wan-site1-pod | awk '{print $1}')\n            [ -n \"$WAN_IP\" ] \u0026\u0026 break\n            echo \"⏳ Esperando IP de vnf-wan-site1-pod…\"; sleep 2\n          done\n          echo \"🎯 WAN_IP=$WAN_IP\"\n\n           while true; do\n  RYU_IP=$(getent hosts knf-ctrl-site1-svc | awk '{print $1}')\n  if [ -n \"$RYU_IP\" ]; then\n    echo \"🔗 Ryu controller IP: $RYU_IP\"\n    break\n  fi\n  echo \"⏳ Esperando IP de controller…\"\n  sleep 2\ndone\n\n          \n\n          ################################ BRINT  (access ↔ cpe)\n          # 1. Crear bridge OVS dentro del contenedor CPE\n          ovs-vsctl add-br brint\n\n          # 2. Asignar IP interna al bridge (LAN cliente)\n          ifconfig brint 192.168.255.254/24\n\n          # 3. Crear túnel VXLAN ID 4 hacia Access\n          ip link add axscpe type vxlan id 4 remote $ACCESS_IP dstport 8742 dev eth0 || true\n          ovs-vsctl add-port brint axscpe\n          ifconfig axscpe up\n\n          # 4. Ajustar MTU para evitar fragmentación VXLAN\n          ifconfig brint mtu 1400\n\n          # 5. Asignar IP pública al vCPE (interfaz netX)\n          ifconfig net1 10.100.1.1/24\n\n          # 6. Rutas para poder alcanzar primero al Pod Access\n          ip route add $ACCESS_IP/32 via 169.254.1.1\n          ip route add $RYU_IP/32 via 169.254.1.1 dev eth0\n\n\n          # 7. Ahora modificamos la ruta por defecto (DNS ya no es necesario)\n          ip route del 0.0.0.0/0 via 169.254.1.1\n          ip route add 0.0.0.0/0 via 10.100.1.254\n\n          # 8. Ruta hacia la subred privada del cliente\n          ip route add 10.20.1.0/24 via 192.168.255.253\n\n          ################################  Interfaz pública + NAT\n          /vnx_config_nat brint net1\n\n          ################################ [4] BRWAN   (cpe ↔ wan)\n          # WAN_IP ya está resuelto. Sólo queda crear el bridge y túneles.\n          ip route add $WAN_IP/32 via 169.254.1.1\n          ovs-vsctl add-br brwan\n          ifconfig brwan mtu 1400          \n          ifconfig brwan up     \n\n           ## 3. Activar el modo SDN en VNF:wan\"\n        ovs-vsctl set bridge brwan protocols=OpenFlow10,OpenFlow12,OpenFlow13\n        ovs-vsctl set-fail-mode brwan secure\n        ovs-vsctl set bridge brwan other-config:datapath-id=0000000000000002\n        ovs-vsctl set-controller brwan tcp:$RYU_IP:6633\n        ovs-vsctl set-manager ptcp:6632\n\n          #######  Conectar ambos bridges a Ryu ###\n   ######################################\n\n          ip link add cpewan type vxlan id 5 remote $WAN_IP dstport 8741 dev eth0\n          ovs-vsctl add-port brwan cpewan\n          ifconfig cpewan up\n\n          # VXLAN entre sites (sr1 ↔ sr2)\n          ip link add sr1sr2 type vxlan id 12 remote 10.100.2.1 dstport 8742 dev net1\n          ovs-vsctl add-port brwan sr1sr2\n          ifconfig sr1sr2 up\n\n          #########################################\n   \n\n          sleep infinity\n"
                    ],
                    "env": [],
                    "env_from": [],
                    "image": "educaredes/vnf-cpe",
                    "image_pull_policy": "Always",
                    "lifecycle": [],
                    "liveness_probe": [],
                    "name": "vnf-cpe",
                    "port": [],
                    "readiness_probe": [],
                    "resources": [
                      {
                        "limits": {},
                        "requests": {}
                      }
                    ],
                    "security_context": [
                      {
                        "allow_privilege_escalation": true,
                        "capabilities": [
                          {
                            "add": [
                              "NET_ADMIN",
                              "SYS_ADMIN"
                            ],
                            "drop": null
                          }
                        ],
                        "privileged": true,
                        "read_only_root_filesystem": false,
                        "run_as_group": "",
                        "run_as_non_root": false,
                        "run_as_user": "",
                        "se_linux_options": [],
                        "seccomp_profile": []
                      }
                    ],
                    "startup_probe": [],
                    "stdin": false,
                    "stdin_once": false,
                    "termination_message_path": "/dev/termination-log",
                    "termination_message_policy": "File",
                    "tty": false,
                    "volume_device": [],
                    "volume_mount": [],
                    "working_dir": ""
                  }
                ],
                "dns_config": [],
                "dns_policy": "ClusterFirst",
                "enable_service_links": true,
                "host_aliases": [],
                "host_ipc": false,
                "host_network": false,
                "host_pid": false,
                "hostname": "",
                "image_pull_secrets": [],
                "init_container": [],
                "node_name": "vnxlab",
                "node_selector": null,
                "os": [],
                "priority_class_name": "",
                "readiness_gate": [],
                "restart_policy": "Always",
                "runtime_class_name": "",
                "scheduler_name": "default-scheduler",
                "security_context": [],
                "service_account_name": "default",
                "share_process_namespace": false,
                "subdomain": "",
                "termination_grace_period_seconds": 30,
                "toleration": [],
                "topology_spread_constraint": [],
                "volume": []
              }
            ],
            "target_state": null,
            "timeouts": null
          },
          "sensitive_attributes": [],
          "private": "eyJlMmJmYjczMC1lY2FhLTExZTYtOGY4OC0zNDM2M2JjN2M0YzAiOnsiY3JlYXRlIjozMDAwMDAwMDAwMDAsImRlbGV0ZSI6MzAwMDAwMDAwMDAwfSwic2NoZW1hX3ZlcnNpb24iOiIxIn0="
        },
        {
          "index_key": "site2",
          "schema_version": 1,
          "attributes": {
            "id": "rdsv/vnf-cpe-site2",
            "metadata": [
              {
                "annotations": {
                  "cni.projectcalico.org/containerID": "190ad81e4a737f9a0284cdf030452061de667511ada8438abeab9018de457914",
                  "cni.projectcalico.org/podIP": "10.1.138.43/32",
                  "cni.projectcalico.org/podIPs": "10.1.138.43/32",
                  "k8s.v1.cni.cncf.io/network-status": "[{\n    \"name\": \"k8s-pod-network\",\n    \"ips\": [\n        \"10.1.138.43\"\n    ],\n    \"default\": true,\n    \"dns\": {}\n},{\n    \"name\": \"rdsv/extnet2\",\n    \"interface\": \"net2\",\n    \"mac\": \"d2:de:75:b5:0e:47\",\n    \"dns\": {}\n},{\n    \"name\": \"rdsv/net2\",\n    \"interface\": \"lan2\",\n    \"mac\": \"6a:25:53:7d:0c:4b\",\n    \"dns\": {}\n}]",
                  "k8s.v1.cni.cncf.io/networks": "[{\"interface\":\"net2\",\"name\":\"extnet2\"},{\"interface\":\"lan2\",\"name\":\"net2\"}]"
                },
                "generate_name": "",
                "generation": 0,
                "labels": {
                  "k8s-app": "vnf-cpe-site2"
                },
                "name": "vnf-cpe-site2",
                "namespace": "rdsv",
                "resource_version": "269551",
                "uid": "846c663d-4051-46c2-a7ab-81daf80b73f7"
              }
            ],
            "spec": [
              {
                "active_deadline_seconds": 0,
                "affinity": [],
                "automount_service_account_token": true,
                "container": [
                  {
                    "args": null,
                    "command": [
                      "/bin/sh",
                      "-c",
                      "          set -e -x\n          /usr/share/openvswitch/scripts/ovs-ctl start\n          while [ ! -e /var/run/openvswitch/db.sock ]; do echo '⏳ Esperando OVS…'; sleep 1; done\n\n          ################################ [1] Resolver ACCESS\n          while true; do\n            ACCESS_IP=$(getent hosts vnf-access-site2-service | awk '{print $1}')\n            [ -n \"$ACCESS_IP\" ] \u0026\u0026 break\n            echo '⏳ Esperando IP de vnf-access…'; sleep 2\n          done\n          echo \"🌐 CPE $(hostname -i) → access $ACCESS_IP\"\n\n          ################################ [2] Resolver WAN antes de tocar rutas\n          while true; do\n            WAN_IP=$(getent hosts vnf-wan-site2-pod | awk '{print $1}')\n            [ -n \"$WAN_IP\" ] \u0026\u0026 break\n            echo \"⏳ Esperando IP de vnf-wan-site2-pod…\"; sleep 2\n          done\n          echo \"🎯 WAN_IP=$WAN_IP\"\n\n           while true; do\n  RYU_IP=$(getent hosts knf-ctrl-site2-svc | awk '{print $1}')\n  if [ -n \"$RYU_IP\" ]; then\n    echo \"🔗 Ryu controller IP: $RYU_IP\"\n    break\n  fi\n  echo \"⏳ Esperando IP de controller…\"\n  sleep 2\ndone\n\n          \n\n          ################################ BRINT  (access ↔ cpe)\n          # 1. Crear bridge OVS dentro del contenedor CPE\n          ovs-vsctl add-br brint\n\n          # 2. Asignar IP interna al bridge (LAN cliente)\n          ifconfig brint 192.168.255.254/24\n\n          # 3. Crear túnel VXLAN ID 4 hacia Access\n          ip link add axscpe type vxlan id 4 remote $ACCESS_IP dstport 8742 dev eth0 || true\n          ovs-vsctl add-port brint axscpe\n          ifconfig axscpe up\n\n          # 4. Ajustar MTU para evitar fragmentación VXLAN\n          ifconfig brint mtu 1400\n\n          # 5. Asignar IP pública al vCPE (interfaz netX)\n          ifconfig net2 10.100.2.1/24\n\n          # 6. Rutas para poder alcanzar primero al Pod Access\n          ip route add $ACCESS_IP/32 via 169.254.1.1\n          ip route add $RYU_IP/32 via 169.254.1.1 dev eth0\n\n\n          # 7. Ahora modificamos la ruta por defecto (DNS ya no es necesario)\n          ip route del 0.0.0.0/0 via 169.254.1.1\n          ip route add 0.0.0.0/0 via 10.100.2.254\n\n          # 8. Ruta hacia la subred privada del cliente\n          ip route add 10.20.2.0/24 via 192.168.255.253\n\n          ################################  Interfaz pública + NAT\n          /vnx_config_nat brint net2\n\n          ################################ [4] BRWAN   (cpe ↔ wan)\n          # WAN_IP ya está resuelto. Sólo queda crear el bridge y túneles.\n          ip route add $WAN_IP/32 via 169.254.1.1\n          ovs-vsctl add-br brwan\n          ifconfig brwan mtu 1400          \n          ifconfig brwan up     \n\n           ## 3. Activar el modo SDN en VNF:wan\"\n        ovs-vsctl set bridge brwan protocols=OpenFlow10,OpenFlow12,OpenFlow13\n        ovs-vsctl set-fail-mode brwan secure\n        ovs-vsctl set bridge brwan other-config:datapath-id=0000000000000002\n        ovs-vsctl set-controller brwan tcp:$RYU_IP:6633\n        ovs-vsctl set-manager ptcp:6632\n\n          #######  Conectar ambos bridges a Ryu ###\n   ######################################\n\n          ip link add cpewan type vxlan id 5 remote $WAN_IP dstport 8741 dev eth0\n          ovs-vsctl add-port brwan cpewan\n          ifconfig cpewan up\n\n          # VXLAN entre sites (sr1 ↔ sr2)\n          ip link add sr1sr2 type vxlan id 12 remote 10.100.1.1 dstport 8742 dev net2\n          ovs-vsctl add-port brwan sr1sr2\n          ifconfig sr1sr2 up\n\n          #########################################\n   \n\n          sleep infinity\n"
                    ],
                    "env": [],
                    "env_from": [],
                    "image": "educaredes/vnf-cpe",
                    "image_pull_policy": "Always",
                    "lifecycle": [],
                    "liveness_probe": [],
                    "name": "vnf-cpe",
                    "port": [],
                    "readiness_probe": [],
                    "resources": [
                      {
                        "limits": {},
                        "requests": {}
                      }
                    ],
                    "security_context": [
                      {
                        "allow_privilege_escalation": true,
                        "capabilities": [
                          {
                            "add": [
                              "NET_ADMIN",
                              "SYS_ADMIN"
                            ],
                            "drop": null
                          }
                        ],
                        "privileged": true,
                        "read_only_root_filesystem": false,
                        "run_as_group": "",
                        "run_as_non_root": false,
                        "run_as_user": "",
                        "se_linux_options": [],
                        "seccomp_profile": []
                      }
                    ],
                    "startup_probe": [],
                    "stdin": false,
                    "stdin_once": false,
                    "termination_message_path": "/dev/termination-log",
                    "termination_message_policy": "File",
                    "tty": false,
                    "volume_device": [],
                    "volume_mount": [],
                    "working_dir": ""
                  }
                ],
                "dns_config": [],
                "dns_policy": "ClusterFirst",
                "enable_service_links": true,
                "host_aliases": [],
                "host_ipc": false,
                "host_network": false,
                "host_pid": false,
                "hostname": "",
                "image_pull_secrets": [],
                "init_container": [],
                "node_name": "vnxlab",
                "node_selector": null,
                "os": [],
                "priority_class_name": "",
                "readiness_gate": [],
                "restart_policy": "Always",
                "runtime_class_name": "",
                "scheduler_name": "default-scheduler",
                "security_context": [],
                "service_account_name": "default",
                "share_process_namespace": false,
                "subdomain": "",
                "termination_grace_period_seconds": 30,
                "toleration": [],
                "topology_spread_constraint": [],
                "volume": []
              }
            ],
            "target_state": null,
            "timeouts": null
          },
          "sensitive_attributes": [],
          "private": "eyJlMmJmYjczMC1lY2FhLTExZTYtOGY4OC0zNDM2M2JjN2M0YzAiOnsiY3JlYXRlIjozMDAwMDAwMDAwMDAsImRlbGV0ZSI6MzAwMDAwMDAwMDAwfSwic2NoZW1hX3ZlcnNpb24iOiIxIn0="
        }
      ]
    },
    {
      "mode": "managed",
      "type": "kubernetes_pod",
      "name": "vnf_wan",
      "provider": "provider[\"registry.terraform.io/hashicorp/kubernetes\"]",
      "instances": [
        {
          "index_key": "site1",
          "schema_version": 1,
          "attributes": {
            "id": "rdsv/vnf-wan-site1",
            "metadata": [
              {
                "annotations": {
                  "cni.projectcalico.org/containerID": "1e204dee9278d289cc3018170965d6cd18c8d0a342b8ce92c60a698d540ff92c",
                  "cni.projectcalico.org/podIP": "10.1.138.57/32",
                  "cni.projectcalico.org/podIPs": "10.1.138.57/32",
                  "k8s.v1.cni.cncf.io/network-status": "[{\n    \"name\": \"k8s-pod-network\",\n    \"ips\": [\n        \"10.1.138.57\"\n    ],\n    \"default\": true,\n    \"dns\": {}\n},{\n    \"name\": \"rdsv/mplswan\",\n    \"interface\": \"net1\",\n    \"mac\": \"c6:a5:d9:2b:8b:e6\",\n    \"dns\": {}\n}]",
                  "k8s.v1.cni.cncf.io/networks": "[{\"interface\":\"net1\",\"name\":\"mplswan\"}]"
                },
                "generate_name": "",
                "generation": 0,
                "labels": {
                  "k8s-app": "vnf-wan-site1"
                },
                "name": "vnf-wan-site1",
                "namespace": "rdsv",
                "resource_version": "269567",
                "uid": "a8cd2358-4b73-4b12-9f23-4cd25358c882"
              }
            ],
            "spec": [
              {
                "active_deadline_seconds": 0,
                "affinity": [],
                "automount_service_account_token": true,
                "container": [
                  {
                    "args": null,
                    "command": [
                      "/bin/sh",
                      "-c",
                      "          set -e -x\n          /usr/share/openvswitch/scripts/ovs-ctl start\n          while [ ! -e /var/run/openvswitch/db.sock ]; do\n            echo '⏳ Esperando OVS...'\n            sleep 1\n          done\n\n          while true; do\n            ACCESS_IP=$(getent hosts vnf-access-site1-service | awk '{print $1}')\n            if [ ! -z \"$ACCESS_IP\" ]; then break; fi\n            echo \"⏳ Esperando IP de vnf-access-site1...\"\n            sleep 2\n          done\n\n          WAN_IP=$(hostname -i)\n          echo \"🌐 IP local (wan): $WAN_IP\"\n          echo \"🎯 IP remota (access): $ACCESS_IP\"\n\n          ip link del axswan 2\u003e/dev/null || true\n\n          ####################################################\n          ####################### BRWAN ######################\n          ####################################################\n          while true; do\n            CPE_IP=$(getent hosts vnf-cpe-service-site1 | awk '{ print $1 }')\n            if [ ! -z \"$CPE_IP\" ]; then break; fi\n            echo \"⏳ Esperando IP de vnf-cpe...\"\n            sleep 2\n          done\n\n          ovs-vsctl add-br brwan\n\n          ip link add axswan type vxlan id 3 remote $ACCESS_IP dstport 4788 dev eth0\n          ovs-vsctl add-port brwan axswan\n          ovs-vsctl add-port brwan net1\n\n          ip link set axswan up\n          ip route del $ACCESS_IP via 169.254.1.1 dev eth0 2\u003e/dev/null || true\n          ip route add $ACCESS_IP via 169.254.1.1 dev eth0\n\n\n          ip link del cpewan 2\u003e/dev/null || true\n          ip link add cpewan type vxlan id 5 remote $CPE_IP dstport 8741 dev eth0\n          ovs-vsctl add-port brwan cpewan\n          ifconfig cpewan up\n\n          \n    #########################################\n   #######  Conectar ambos bridges a Ryu ###\n   #########################################\n\n   while true; do\n  RYU_IP=$(getent hosts knf-ctrl-site1-svc | awk '{print $1}')\n  if [ -n \"$RYU_IP\" ]; then\n    echo \"🔗 Ryu controller IP: $RYU_IP\"\n    break\n  fi\n  echo \"⏳ Esperando IP de controller…\"\n  sleep 2\ndone\n   \n   ## 3. Activar el modo SDN en VNF:wan\"\n        ovs-vsctl set bridge brwan protocols=OpenFlow10,OpenFlow12,OpenFlow13\n        ovs-vsctl set-fail-mode brwan secure\n        ovs-vsctl set bridge brwan other-config:datapath-id=0000000000000001\n        ovs-vsctl set-controller brwan tcp:$RYU_IP:6633\n        ovs-vsctl set-manager ptcp:6632\n\n          sleep infinity\n"
                    ],
                    "env": [],
                    "env_from": [],
                    "image": "educaredes/vnf-wan",
                    "image_pull_policy": "Always",
                    "lifecycle": [],
                    "liveness_probe": [],
                    "name": "vnf-wan",
                    "port": [],
                    "readiness_probe": [],
                    "resources": [
                      {
                        "limits": {},
                        "requests": {}
                      }
                    ],
                    "security_context": [
                      {
                        "allow_privilege_escalation": true,
                        "capabilities": [
                          {
                            "add": [
                              "NET_ADMIN",
                              "SYS_ADMIN"
                            ],
                            "drop": null
                          }
                        ],
                        "privileged": true,
                        "read_only_root_filesystem": false,
                        "run_as_group": "",
                        "run_as_non_root": false,
                        "run_as_user": "",
                        "se_linux_options": [],
                        "seccomp_profile": []
                      }
                    ],
                    "startup_probe": [],
                    "stdin": false,
                    "stdin_once": false,
                    "termination_message_path": "/dev/termination-log",
                    "termination_message_policy": "File",
                    "tty": false,
                    "volume_device": [],
                    "volume_mount": [],
                    "working_dir": ""
                  },
                  {
                    "args": [
                      "--web.listen-address=:9100"
                    ],
                    "command": null,
                    "env": [],
                    "env_from": [],
                    "image": "prom/statsd-exporter",
                    "image_pull_policy": "Always",
                    "lifecycle": [],
                    "liveness_probe": [],
                    "name": "metrics",
                    "port": [
                      {
                        "container_port": 9100,
                        "host_ip": "",
                        "host_port": 0,
                        "name": "metrics",
                        "protocol": "TCP"
                      }
                    ],
                    "readiness_probe": [],
                    "resources": [
                      {
                        "limits": {
                          "cpu": "100m",
                          "memory": "64Mi"
                        },
                        "requests": {
                          "cpu": "50m",
                          "memory": "32Mi"
                        }
                      }
                    ],
                    "security_context": [],
                    "startup_probe": [],
                    "stdin": false,
                    "stdin_once": false,
                    "termination_message_path": "/dev/termination-log",
                    "termination_message_policy": "File",
                    "tty": false,
                    "volume_device": [],
                    "volume_mount": [],
                    "working_dir": ""
                  }
                ],
                "dns_config": [],
                "dns_policy": "ClusterFirst",
                "enable_service_links": true,
                "host_aliases": [],
                "host_ipc": false,
                "host_network": false,
                "host_pid": false,
                "hostname": "",
                "image_pull_secrets": [],
                "init_container": [],
                "node_name": "vnxlab",
                "node_selector": null,
                "os": [],
                "priority_class_name": "",
                "readiness_gate": [],
                "restart_policy": "Always",
                "runtime_class_name": "",
                "scheduler_name": "default-scheduler",
                "security_context": [],
                "service_account_name": "default",
                "share_process_namespace": false,
                "subdomain": "",
                "termination_grace_period_seconds": 30,
                "toleration": [],
                "topology_spread_constraint": [],
                "volume": []
              }
            ],
            "target_state": null,
            "timeouts": null
          },
          "sensitive_attributes": [],
          "private": "eyJlMmJmYjczMC1lY2FhLTExZTYtOGY4OC0zNDM2M2JjN2M0YzAiOnsiY3JlYXRlIjozMDAwMDAwMDAwMDAsImRlbGV0ZSI6MzAwMDAwMDAwMDAwfSwic2NoZW1hX3ZlcnNpb24iOiIxIn0="
        },
        {
          "index_key": "site2",
          "schema_version": 1,
          "attributes": {
            "id": "rdsv/vnf-wan-site2",
            "metadata": [
              {
                "annotations": {
                  "cni.projectcalico.org/containerID": "46e38e808ca5d05c5b426fef0bd67b60cda7a8a08050bdf2120b422694d0dedd",
                  "cni.projectcalico.org/podIP": "10.1.138.45/32",
                  "cni.projectcalico.org/podIPs": "10.1.138.45/32",
                  "k8s.v1.cni.cncf.io/network-status": "[{\n    \"name\": \"k8s-pod-network\",\n    \"ips\": [\n        \"10.1.138.45\"\n    ],\n    \"default\": true,\n    \"dns\": {}\n},{\n    \"name\": \"rdsv/mplswan\",\n    \"interface\": \"net1\",\n    \"mac\": \"3a:cb:f7:e8:2c:c6\",\n    \"dns\": {}\n}]",
                  "k8s.v1.cni.cncf.io/networks": "[{\"interface\":\"net1\",\"name\":\"mplswan\"}]"
                },
                "generate_name": "",
                "generation": 0,
                "labels": {
                  "k8s-app": "vnf-wan-site2"
                },
                "name": "vnf-wan-site2",
                "namespace": "rdsv",
                "resource_version": "269602",
                "uid": "257a7b3f-b738-4cc2-8e6e-c9f723e6239d"
              }
            ],
            "spec": [
              {
                "active_deadline_seconds": 0,
                "affinity": [],
                "automount_service_account_token": true,
                "container": [
                  {
                    "args": null,
                    "command": [
                      "/bin/sh",
                      "-c",
                      "          set -e -x\n          /usr/share/openvswitch/scripts/ovs-ctl start\n          while [ ! -e /var/run/openvswitch/db.sock ]; do\n            echo '⏳ Esperando OVS...'\n            sleep 1\n          done\n\n          while true; do\n            ACCESS_IP=$(getent hosts vnf-access-site2-service | awk '{print $1}')\n            if [ ! -z \"$ACCESS_IP\" ]; then break; fi\n            echo \"⏳ Esperando IP de vnf-access-site2...\"\n            sleep 2\n          done\n\n          WAN_IP=$(hostname -i)\n          echo \"🌐 IP local (wan): $WAN_IP\"\n          echo \"🎯 IP remota (access): $ACCESS_IP\"\n\n          ip link del axswan 2\u003e/dev/null || true\n\n          ####################################################\n          ####################### BRWAN ######################\n          ####################################################\n          while true; do\n            CPE_IP=$(getent hosts vnf-cpe-service-site2 | awk '{ print $1 }')\n            if [ ! -z \"$CPE_IP\" ]; then break; fi\n            echo \"⏳ Esperando IP de vnf-cpe...\"\n            sleep 2\n          done\n\n          ovs-vsctl add-br brwan\n\n          ip link add axswan type vxlan id 3 remote $ACCESS_IP dstport 4788 dev eth0\n          ovs-vsctl add-port brwan axswan\n          ovs-vsctl add-port brwan net1\n\n          ip link set axswan up\n          ip route del $ACCESS_IP via 169.254.1.1 dev eth0 2\u003e/dev/null || true\n          ip route add $ACCESS_IP via 169.254.1.1 dev eth0\n\n\n          ip link del cpewan 2\u003e/dev/null || true\n          ip link add cpewan type vxlan id 5 remote $CPE_IP dstport 8741 dev eth0\n          ovs-vsctl add-port brwan cpewan\n          ifconfig cpewan up\n\n          \n    #########################################\n   #######  Conectar ambos bridges a Ryu ###\n   #########################################\n\n   while true; do\n  RYU_IP=$(getent hosts knf-ctrl-site2-svc | awk '{print $1}')\n  if [ -n \"$RYU_IP\" ]; then\n    echo \"🔗 Ryu controller IP: $RYU_IP\"\n    break\n  fi\n  echo \"⏳ Esperando IP de controller…\"\n  sleep 2\ndone\n   \n   ## 3. Activar el modo SDN en VNF:wan\"\n        ovs-vsctl set bridge brwan protocols=OpenFlow10,OpenFlow12,OpenFlow13\n        ovs-vsctl set-fail-mode brwan secure\n        ovs-vsctl set bridge brwan other-config:datapath-id=0000000000000001\n        ovs-vsctl set-controller brwan tcp:$RYU_IP:6633\n        ovs-vsctl set-manager ptcp:6632\n\n          sleep infinity\n"
                    ],
                    "env": [],
                    "env_from": [],
                    "image": "educaredes/vnf-wan",
                    "image_pull_policy": "Always",
                    "lifecycle": [],
                    "liveness_probe": [],
                    "name": "vnf-wan",
                    "port": [],
                    "readiness_probe": [],
                    "resources": [
                      {
                        "limits": {},
                        "requests": {}
                      }
                    ],
                    "security_context": [
                      {
                        "allow_privilege_escalation": true,
                        "capabilities": [
                          {
                            "add": [
                              "NET_ADMIN",
                              "SYS_ADMIN"
                            ],
                            "drop": null
                          }
                        ],
                        "privileged": true,
                        "read_only_root_filesystem": false,
                        "run_as_group": "",
                        "run_as_non_root": false,
                        "run_as_user": "",
                        "se_linux_options": [],
                        "seccomp_profile": []
                      }
                    ],
                    "startup_probe": [],
                    "stdin": false,
                    "stdin_once": false,
                    "termination_message_path": "/dev/termination-log",
                    "termination_message_policy": "File",
                    "tty": false,
                    "volume_device": [],
                    "volume_mount": [],
                    "working_dir": ""
                  },
                  {
                    "args": [
                      "--web.listen-address=:9100"
                    ],
                    "command": null,
                    "env": [],
                    "env_from": [],
                    "image": "prom/statsd-exporter",
                    "image_pull_policy": "Always",
                    "lifecycle": [],
                    "liveness_probe": [],
                    "name": "metrics",
                    "port": [
                      {
                        "container_port": 9100,
                        "host_ip": "",
                        "host_port": 0,
                        "name": "metrics",
                        "protocol": "TCP"
                      }
                    ],
                    "readiness_probe": [],
                    "resources": [
                      {
                        "limits": {
                          "cpu": "100m",
                          "memory": "64Mi"
                        },
                        "requests": {
                          "cpu": "50m",
                          "memory": "32Mi"
                        }
                      }
                    ],
                    "security_context": [],
                    "startup_probe": [],
                    "stdin": false,
                    "stdin_once": false,
                    "termination_message_path": "/dev/termination-log",
                    "termination_message_policy": "File",
                    "tty": false,
                    "volume_device": [],
                    "volume_mount": [],
                    "working_dir": ""
                  }
                ],
                "dns_config": [],
                "dns_policy": "ClusterFirst",
                "enable_service_links": true,
                "host_aliases": [],
                "host_ipc": false,
                "host_network": false,
                "host_pid": false,
                "hostname": "",
                "image_pull_secrets": [],
                "init_container": [],
                "node_name": "vnxlab",
                "node_selector": null,
                "os": [],
                "priority_class_name": "",
                "readiness_gate": [],
                "restart_policy": "Always",
                "runtime_class_name": "",
                "scheduler_name": "default-scheduler",
                "security_context": [],
                "service_account_name": "default",
                "share_process_namespace": false,
                "subdomain": "",
                "termination_grace_period_seconds": 30,
                "toleration": [],
                "topology_spread_constraint": [],
                "volume": []
              }
            ],
            "target_state": null,
            "timeouts": null
          },
          "sensitive_attributes": [],
          "private": "eyJlMmJmYjczMC1lY2FhLTExZTYtOGY4OC0zNDM2M2JjN2M0YzAiOnsiY3JlYXRlIjozMDAwMDAwMDAwMDAsImRlbGV0ZSI6MzAwMDAwMDAwMDAwfSwic2NoZW1hX3ZlcnNpb24iOiIxIn0="
        }
      ]
    },
    {
      "mode": "managed",
      "type": "kubernetes_secret",
      "name": "prometheus_cert",
      "provider": "provider[\"registry.terraform.io/hashicorp/kubernetes\"]",
      "instances": [
        {
          "schema_version": 0,
          "attributes": {
            "binary_data": null,
            "binary_data_wo": null,
            "binary_data_wo_revision": null,
            "data": {
              "ca.crt": "LS0tLS1CRUdJTiBDRVJUSUZJQ0FURS0tLS0tCk1JSUREekNDQWZlZ0F3SUJBZ0lVUG1rSUUyb3ZRTHA0QXlsNEhRRTNvWU9VNk1vd0RRWUpLb1pJaHZjTkFRRUwKQlFBd0Z6RVZNQk1HQTFVRUF3d01NVEF1TVRVeUxqRTRNeTR4TUI0WERUSTBNVEF5TmpFM016UXpObG9YRFRNMApNVEF5TkRFM016UXpObG93RnpFVk1CTUdBMVVFQXd3TU1UQXVNVFV5TGpFNE15NHhNSUlCSWpBTkJna3Foa2lHCjl3MEJBUUVGQUFPQ0FROEFNSUlCQ2dLQ0FRRUF2MlBPWFV4Uk5CM2pnYVRRVVB1TEJJRTBGaGl3aEhFckp1c0cKdDdHZ1ZZM0grY0I0bVJOcG8xTU9QYjZxb0ZHK0xmcWZNeUs5SllQK0NQcGQyZHRZMTQ0bXErWjhTRGFNc3U4NApXOFY4ZUFQV0F2ang1bVp3OTl3Z1hZalRuVjFpb2hVS3pKTEZrVDBPTytJbC9TVVg4Wng3Q0Zoc2JXVkVwQWdkCjVNYTNzRHpoOENQOVZEeFJwa0VNZGZkWUt1MjMveE9tMWorN2pGQXM4dHJQcEd2ZWxYMDdMdzJDbmpkVjJkNHUKbDNjZFMvdzc5QjUycmFaWHRINnpRMVVRNyt5WmtQREtDVVFFK09zY3FUU1FVZnZRa2JDcWU4c0NMMDYxWmEzeApsRU4vRVNJeHY0c1RZVVB5aGNrMlIzeXZZTG44L2oxVHhhUW5DclpOcndtWFVkMThoUUlEQVFBQm8xTXdVVEFkCkJnTlZIUTRFRmdRVTN4NUtNM3QvN1ZKZ0pjUkxQRWFrRmlkRVQ4WXdId1lEVlIwakJCZ3dGb0FVM3g1S00zdC8KN1ZKZ0pjUkxQRWFrRmlkRVQ4WXdEd1lEVlIwVEFRSC9CQVV3QXdFQi96QU5CZ2txaGtpRzl3MEJBUXNGQUFPQwpBUUVBVVVVWFAvU3lyb2QxVGJ4N1VYeS9TQk9OUVZ2aExBNTNHYzY2QjgvSGNITlN4ZGpwNWU0bUFyWFhaQTVpCnNsUlhicWtLd3FKRzdCR3RROTZoU0ZXVnM3WDlyUFB2aTNVT0NHVUpYM2w1aG9OSkpsQllqZUhLQ1dYVGl5d1gKZmgzL2FISnVheWxTK1NFUk5zOWwwWXlXMkFnK2xrZk51bGF5bXBJTGwwemQrbEpiNzI0RHpIOWI1Vzl5WWVTRQoyRDZnSHNWejBzTzNLMEViS2FZZUVtVGdKbVV2YWdnRXk5RHFCMUNCQ1czU3RIajdtNWJzNXdnSGU1TmhKcWRRCmE2OXRSdDM4ZG5xY21kRWNqdDFibXNqYUptbFFldlVpYm52bzJtNFc1blBtRHNNWVMyKzRMTXJkQk51UTBXSFEKQWdsdDVPYU9RaEJ3ZG92RHF0OVl6UWhrNmc9PQotLS0tLUVORCBDRVJUSUZJQ0FURS0tLS0t"
            },
            "data_wo": null,
            "data_wo_revision": null,
            "id": "monitoring/prometheus-ca-cert",
            "immutable": false,
            "metadata": [
              {
                "annotations": null,
                "generate_name": "",
                "generation": 0,
                "labels": null,
                "name": "prometheus-ca-cert",
                "namespace": "monitoring",
                "resource_version": "269414",
                "uid": "441b3db3-3b24-41f9-996d-d3464dad74e5"
              }
            ],
            "timeouts": null,
            "type": "Opaque",
            "wait_for_service_account_token": true
          },
          "sensitive_attributes": [],
          "private": "eyJlMmJmYjczMC1lY2FhLTExZTYtOGY4OC0zNDM2M2JjN2M0YzAiOnsiY3JlYXRlIjo2MDAwMDAwMDAwMH19",
          "dependencies": [
            "kubernetes_namespace.monitoring"
          ]
        }
      ]
    },
    {
      "mode": "managed",
      "type": "kubernetes_secret",
      "name": "prometheus_token",
      "provider": "provider[\"registry.terraform.io/hashicorp/kubernetes\"]",
      "instances": [
        {
          "schema_version": 0,
          "attributes": {
            "binary_data": null,
            "binary_data_wo": null,
            "binary_data_wo_revision": null,
            "data": {
              "token": "ZXlKaGJHY2lPaUpTVXpJMU5pSXNJbXRwWkNJNklqSlVWMk0xVDA5c2RITnFTVFprYWs1WFJubEtNMUJWY21OMlNHbHpjblJxZVROblUzZDVSblF3YzBFaWZRLmV5SmhkV1FpT2xzaWFIUjBjSE02THk5cmRXSmxjbTVsZEdWekxtUmxabUYxYkhRdWMzWmpJbDBzSW1WNGNDSTZNakEyTWpRME1EUTNPQ3dpYVdGMElqb3hOelEzTURnd05EYzRMQ0pwYzNNaU9pSm9kSFJ3Y3pvdkwydDFZbVZ5Ym1WMFpYTXVaR1ZtWVhWc2RDNXpkbU1pTENKcWRHa2lPaUptWWpreVlUWmtZaTFtTm1RMUxUUXlZV1V0T0RkbE55MHpNamN4TVdSallUQTVaakFpTENKcmRXSmxjbTVsZEdWekxtbHZJanA3SW01aGJXVnpjR0ZqWlNJNkltMXZibWwwYjNKcGJtY2lMQ0p6WlhKMmFXTmxZV05qYjNWdWRDSTZleUp1WVcxbElqb2ljSEp2YldWMGFHVjFjeUlzSW5WcFpDSTZJalkxTWpFd01tSTBMVGs1TjJJdE5ESTRaaTFpT0RBM0xXRXpaV1EzT0dFMVlXWmlaaUo5ZlN3aWJtSm1Jam94TnpRM01EZ3dORGM0TENKemRXSWlPaUp6ZVhOMFpXMDZjMlZ5ZG1salpXRmpZMjkxYm5RNmJXOXVhWFJ2Y21sdVp6cHdjbTl0WlhSb1pYVnpJbjAuRGY2Y0RHQjYyZEl5SlJYQ3lLUnFYamFTSHR2UG9oOUpmOTA1dEpMdHVIaFlQN3ZRNExTbUZQb3dMSy15Vk5DVUk1b3Q3VGJaUjg4aXFUaVZybktzVVhpYlIxU2ZzT1QzWF9KcjJUQmtTV3hFX2pUV2otX3BmUGdPeVZwMGZwUjVlc3JkWnJMV0RDOS1YT1NNMkxvV0JReWdZTGN5cWJELUNReEZ0WVAyREFjeGw0ZXI5VVFQdlc5ZnU2OUd6bm9zeWYzcGRCcVkyYVdPNk81aFgxRUtfakkxLWhBakVKYjNNaS12MFZpX3MwNV9hUm9lTDBDNjlsZTJRTFF0RWdfa3FBZ28xQ2xjTGhMemFXTWZjOGR3VTU3MFR3TUlkUDMxcEtEY1A5NkVLelNPcS1CNmJBRFQyaDVMOW9aRUVCZGYzWTV0LWI5RXp3M0RMTS0ta19ZMWNn"
            },
            "data_wo": null,
            "data_wo_revision": null,
            "id": "monitoring/prometheus-token",
            "immutable": false,
            "metadata": [
              {
                "annotations": null,
                "generate_name": "",
                "generation": 0,
                "labels": null,
                "name": "prometheus-token",
                "namespace": "monitoring",
                "resource_version": "269404",
                "uid": "02bf9c4b-40da-46fa-ad5f-867459ff2867"
              }
            ],
            "timeouts": null,
            "type": "Opaque",
            "wait_for_service_account_token": true
          },
          "sensitive_attributes": [],
          "private": "eyJlMmJmYjczMC1lY2FhLTExZTYtOGY4OC0zNDM2M2JjN2M0YzAiOnsiY3JlYXRlIjo2MDAwMDAwMDAwMH19",
          "dependencies": [
            "kubernetes_namespace.monitoring"
          ]
        }
      ]
    },
    {
      "mode": "managed",
      "type": "kubernetes_service",
      "name": "knf_ctrl",
      "provider": "provider[\"registry.terraform.io/hashicorp/kubernetes\"]",
      "instances": [
        {
          "index_key": "site1",
          "schema_version": 1,
          "attributes": {
            "id": "rdsv/knf-ctrl-site1-svc",
            "metadata": [
              {
                "annotations": null,
                "generate_name": "",
                "generation": 0,
                "labels": null,
                "name": "knf-ctrl-site1-svc",
                "namespace": "rdsv",
                "resource_version": "269374",
                "uid": "faae9b7a-2e08-49fe-8cdc-e785baabd068"
              }
            ],
            "spec": [
              {
                "allocate_load_balancer_node_ports": true,
                "cluster_ip": "10.152.183.43",
                "cluster_ips": [
                  "10.152.183.43"
                ],
                "external_ips": null,
                "external_name": "",
                "external_traffic_policy": "Cluster",
                "health_check_node_port": 0,
                "internal_traffic_policy": "Cluster",
                "ip_families": [
                  "IPv4"
                ],
                "ip_family_policy": "SingleStack",
                "load_balancer_class": "",
                "load_balancer_ip": "",
                "load_balancer_source_ranges": null,
                "port": [
                  {
                    "app_protocol": "",
                    "name": "rest",
                    "node_port": 32218,
                    "port": 8080,
                    "protocol": "TCP",
                    "target_port": "8080"
                  },
                  {
                    "app_protocol": "",
                    "name": "ofp",
                    "node_port": 31173,
                    "port": 6633,
                    "protocol": "TCP",
                    "target_port": "6633"
                  }
                ],
                "publish_not_ready_addresses": false,
                "selector": {
                  "k8s-app": "knf-ctrl-site1"
                },
                "session_affinity": "None",
                "session_affinity_config": [],
                "type": "NodePort"
              }
            ],
            "status": [
              {
                "load_balancer": [
                  {
                    "ingress": []
                  }
                ]
              }
            ],
            "timeouts": null,
            "wait_for_load_balancer": true
          },
          "sensitive_attributes": [],
          "private": "eyJlMmJmYjczMC1lY2FhLTExZTYtOGY4OC0zNDM2M2JjN2M0YzAiOnsiY3JlYXRlIjo2MDAwMDAwMDAwMDB9LCJzY2hlbWFfdmVyc2lvbiI6IjEifQ=="
        },
        {
          "index_key": "site2",
          "schema_version": 1,
          "attributes": {
            "id": "rdsv/knf-ctrl-site2-svc",
            "metadata": [
              {
                "annotations": null,
                "generate_name": "",
                "generation": 0,
                "labels": null,
                "name": "knf-ctrl-site2-svc",
                "namespace": "rdsv",
                "resource_version": "269399",
                "uid": "383d01ef-b95c-4bdf-a86d-becb167bfee5"
              }
            ],
            "spec": [
              {
                "allocate_load_balancer_node_ports": true,
                "cluster_ip": "10.152.183.124",
                "cluster_ips": [
                  "10.152.183.124"
                ],
                "external_ips": null,
                "external_name": "",
                "external_traffic_policy": "Cluster",
                "health_check_node_port": 0,
                "internal_traffic_policy": "Cluster",
                "ip_families": [
                  "IPv4"
                ],
                "ip_family_policy": "SingleStack",
                "load_balancer_class": "",
                "load_balancer_ip": "",
                "load_balancer_source_ranges": null,
                "port": [
                  {
                    "app_protocol": "",
                    "name": "rest",
                    "node_port": 32537,
                    "port": 8080,
                    "protocol": "TCP",
                    "target_port": "8080"
                  },
                  {
                    "app_protocol": "",
                    "name": "ofp",
                    "node_port": 32704,
                    "port": 6633,
                    "protocol": "TCP",
                    "target_port": "6633"
                  }
                ],
                "publish_not_ready_addresses": false,
                "selector": {
                  "k8s-app": "knf-ctrl-site2"
                },
                "session_affinity": "None",
                "session_affinity_config": [],
                "type": "NodePort"
              }
            ],
            "status": [
              {
                "load_balancer": [
                  {
                    "ingress": []
                  }
                ]
              }
            ],
            "timeouts": null,
            "wait_for_load_balancer": true
          },
          "sensitive_attributes": [],
          "private": "eyJlMmJmYjczMC1lY2FhLTExZTYtOGY4OC0zNDM2M2JjN2M0YzAiOnsiY3JlYXRlIjo2MDAwMDAwMDAwMDB9LCJzY2hlbWFfdmVyc2lvbiI6IjEifQ=="
        }
      ]
    },
    {
      "mode": "managed",
      "type": "kubernetes_service",
      "name": "vnf_access",
      "provider": "provider[\"registry.terraform.io/hashicorp/kubernetes\"]",
      "instances": [
        {
          "index_key": "site1",
          "schema_version": 1,
          "attributes": {
            "id": "rdsv/vnf-access-site1-service",
            "metadata": [
              {
                "annotations": null,
                "generate_name": "",
                "generation": 0,
                "labels": null,
                "name": "vnf-access-site1-service",
                "namespace": "rdsv",
                "resource_version": "269348",
                "uid": "db21e69c-273c-4d0b-b9a6-3ab5b87fa2e1"
              }
            ],
            "spec": [
              {
                "allocate_load_balancer_node_ports": true,
                "cluster_ip": "None",
                "cluster_ips": [
                  "None"
                ],
                "external_ips": null,
                "external_name": "",
                "external_traffic_policy": "",
                "health_check_node_port": 0,
                "internal_traffic_policy": "Cluster",
                "ip_families": [
                  "IPv4"
                ],
                "ip_family_policy": "SingleStack",
                "load_balancer_class": "",
                "load_balancer_ip": "",
                "load_balancer_source_ranges": null,
                "port": [
                  {
                    "app_protocol": "",
                    "name": "bgp",
                    "node_port": 0,
                    "port": 179,
                    "protocol": "TCP",
                    "target_port": "179"
                  }
                ],
                "publish_not_ready_addresses": false,
                "selector": {
                  "k8s-app": "vnf-access-site1"
                },
                "session_affinity": "None",
                "session_affinity_config": [],
                "type": "ClusterIP"
              }
            ],
            "status": [
              {
                "load_balancer": [
                  {
                    "ingress": []
                  }
                ]
              }
            ],
            "timeouts": null,
            "wait_for_load_balancer": true
          },
          "sensitive_attributes": [],
          "private": "eyJlMmJmYjczMC1lY2FhLTExZTYtOGY4OC0zNDM2M2JjN2M0YzAiOnsiY3JlYXRlIjo2MDAwMDAwMDAwMDB9LCJzY2hlbWFfdmVyc2lvbiI6IjEifQ=="
        },
        {
          "index_key": "site2",
          "schema_version": 1,
          "attributes": {
            "id": "rdsv/vnf-access-site2-service",
            "metadata": [
              {
                "annotations": null,
                "generate_name": "",
                "generation": 0,
                "labels": null,
                "name": "vnf-access-site2-service",
                "namespace": "rdsv",
                "resource_version": "269335",
                "uid": "e3b659b5-e1de-45ec-a515-6a1c9c52be27"
              }
            ],
            "spec": [
              {
                "allocate_load_balancer_node_ports": true,
                "cluster_ip": "None",
                "cluster_ips": [
                  "None"
                ],
                "external_ips": null,
                "external_name": "",
                "external_traffic_policy": "",
                "health_check_node_port": 0,
                "internal_traffic_policy": "Cluster",
                "ip_families": [
                  "IPv4"
                ],
                "ip_family_policy": "SingleStack",
                "load_balancer_class": "",
                "load_balancer_ip": "",
                "load_balancer_source_ranges": null,
                "port": [
                  {
                    "app_protocol": "",
                    "name": "bgp",
                    "node_port": 0,
                    "port": 179,
                    "protocol": "TCP",
                    "target_port": "179"
                  }
                ],
                "publish_not_ready_addresses": false,
                "selector": {
                  "k8s-app": "vnf-access-site2"
                },
                "session_affinity": "None",
                "session_affinity_config": [],
                "type": "ClusterIP"
              }
            ],
            "status": [
              {
                "load_balancer": [
                  {
                    "ingress": []
                  }
                ]
              }
            ],
            "timeouts": null,
            "wait_for_load_balancer": true
          },
          "sensitive_attributes": [],
          "private": "eyJlMmJmYjczMC1lY2FhLTExZTYtOGY4OC0zNDM2M2JjN2M0YzAiOnsiY3JlYXRlIjo2MDAwMDAwMDAwMDB9LCJzY2hlbWFfdmVyc2lvbiI6IjEifQ=="
        }
      ]
    },
    {
      "mode": "managed",
      "type": "kubernetes_service",
      "name": "vnf_cpe",
      "provider": "provider[\"registry.terraform.io/hashicorp/kubernetes\"]",
      "instances": [
        {
          "index_key": "site1",
          "schema_version": 1,
          "attributes": {
            "id": "rdsv/vnf-cpe-service-site1",
            "metadata": [
              {
                "annotations": null,
                "generate_name": "",
                "generation": 0,
                "labels": null,
                "name": "vnf-cpe-service-site1",
                "namespace": "rdsv",
                "resource_version": "269337",
                "uid": "b8e1a878-7b6f-460d-a488-5c93a8d9b825"
              }
            ],
            "spec": [
              {
                "allocate_load_balancer_node_ports": true,
                "cluster_ip": "None",
                "cluster_ips": [
                  "None"
                ],
                "external_ips": null,
                "external_name": "",
                "external_traffic_policy": "",
                "health_check_node_port": 0,
                "internal_traffic_policy": "Cluster",
                "ip_families": [
                  "IPv4"
                ],
                "ip_family_policy": "SingleStack",
                "load_balancer_class": "",
                "load_balancer_ip": "",
                "load_balancer_source_ranges": null,
                "port": [
                  {
                    "app_protocol": "",
                    "name": "bgp",
                    "node_port": 0,
                    "port": 179,
                    "protocol": "TCP",
                    "target_port": "179"
                  }
                ],
                "publish_not_ready_addresses": false,
                "selector": {
                  "k8s-app": "vnf-cpe-site1"
                },
                "session_affinity": "None",
                "session_affinity_config": [],
                "type": "ClusterIP"
              }
            ],
            "status": [
              {
                "load_balancer": [
                  {
                    "ingress": []
                  }
                ]
              }
            ],
            "timeouts": null,
            "wait_for_load_balancer": true
          },
          "sensitive_attributes": [],
          "private": "eyJlMmJmYjczMC1lY2FhLTExZTYtOGY4OC0zNDM2M2JjN2M0YzAiOnsiY3JlYXRlIjo2MDAwMDAwMDAwMDB9LCJzY2hlbWFfdmVyc2lvbiI6IjEifQ=="
        },
        {
          "index_key": "site2",
          "schema_version": 1,
          "attributes": {
            "id": "rdsv/vnf-cpe-service-site2",
            "metadata": [
              {
                "annotations": null,
                "generate_name": "",
                "generation": 0,
                "labels": null,
                "name": "vnf-cpe-service-site2",
                "namespace": "rdsv",
                "resource_version": "269334",
                "uid": "946a2251-3c46-42b8-bcf1-7383e03ba3aa"
              }
            ],
            "spec": [
              {
                "allocate_load_balancer_node_ports": true,
                "cluster_ip": "None",
                "cluster_ips": [
                  "None"
                ],
                "external_ips": null,
                "external_name": "",
                "external_traffic_policy": "",
                "health_check_node_port": 0,
                "internal_traffic_policy": "Cluster",
                "ip_families": [
                  "IPv4"
                ],
                "ip_family_policy": "SingleStack",
                "load_balancer_class": "",
                "load_balancer_ip": "",
                "load_balancer_source_ranges": null,
                "port": [
                  {
                    "app_protocol": "",
                    "name": "bgp",
                    "node_port": 0,
                    "port": 179,
                    "protocol": "TCP",
                    "target_port": "179"
                  }
                ],
                "publish_not_ready_addresses": false,
                "selector": {
                  "k8s-app": "vnf-cpe-site2"
                },
                "session_affinity": "None",
                "session_affinity_config": [],
                "type": "ClusterIP"
              }
            ],
            "status": [
              {
                "load_balancer": [
                  {
                    "ingress": []
                  }
                ]
              }
            ],
            "timeouts": null,
            "wait_for_load_balancer": true
          },
          "sensitive_attributes": [],
          "private": "eyJlMmJmYjczMC1lY2FhLTExZTYtOGY4OC0zNDM2M2JjN2M0YzAiOnsiY3JlYXRlIjo2MDAwMDAwMDAwMDB9LCJzY2hlbWFfdmVyc2lvbiI6IjEifQ=="
        }
      ]
    },
    {
      "mode": "managed",
      "type": "kubernetes_service",
      "name": "vnf_wan_pod",
      "provider": "provider[\"registry.terraform.io/hashicorp/kubernetes\"]",
      "instances": [
        {
          "index_key": "site1",
          "schema_version": 1,
          "attributes": {
            "id": "rdsv/vnf-wan-site1-pod",
            "metadata": [
              {
                "annotations": null,
                "generate_name": "",
                "generation": 0,
                "labels": null,
                "name": "vnf-wan-site1-pod",
                "namespace": "rdsv",
                "resource_version": "269369",
                "uid": "cf9b01e0-5906-4af0-b2ca-0d9c0411172e"
              }
            ],
            "spec": [
              {
                "allocate_load_balancer_node_ports": true,
                "cluster_ip": "None",
                "cluster_ips": [
                  "None"
                ],
                "external_ips": null,
                "external_name": "",
                "external_traffic_policy": "",
                "health_check_node_port": 0,
                "internal_traffic_policy": "Cluster",
                "ip_families": [
                  "IPv4"
                ],
                "ip_family_policy": "SingleStack",
                "load_balancer_class": "",
                "load_balancer_ip": "",
                "load_balancer_source_ranges": null,
                "port": [
                  {
                    "app_protocol": "",
                    "name": "bgp",
                    "node_port": 0,
                    "port": 179,
                    "protocol": "TCP",
                    "target_port": "179"
                  }
                ],
                "publish_not_ready_addresses": false,
                "selector": {
                  "k8s-app": "vnf-wan-site1"
                },
                "session_affinity": "None",
                "session_affinity_config": [],
                "type": "ClusterIP"
              }
            ],
            "status": [
              {
                "load_balancer": [
                  {
                    "ingress": []
                  }
                ]
              }
            ],
            "timeouts": null,
            "wait_for_load_balancer": true
          },
          "sensitive_attributes": [],
          "private": "eyJlMmJmYjczMC1lY2FhLTExZTYtOGY4OC0zNDM2M2JjN2M0YzAiOnsiY3JlYXRlIjo2MDAwMDAwMDAwMDB9LCJzY2hlbWFfdmVyc2lvbiI6IjEifQ=="
        },
        {
          "index_key": "site2",
          "schema_version": 1,
          "attributes": {
            "id": "rdsv/vnf-wan-site2-pod",
            "metadata": [
              {
                "annotations": null,
                "generate_name": "",
                "generation": 0,
                "labels": null,
                "name": "vnf-wan-site2-pod",
                "namespace": "rdsv",
                "resource_version": "269386",
                "uid": "58539d68-d242-4e08-908f-b42f6ff3c3c7"
              }
            ],
            "spec": [
              {
                "allocate_load_balancer_node_ports": true,
                "cluster_ip": "None",
                "cluster_ips": [
                  "None"
                ],
                "external_ips": null,
                "external_name": "",
                "external_traffic_policy": "",
                "health_check_node_port": 0,
                "internal_traffic_policy": "Cluster",
                "ip_families": [
                  "IPv4"
                ],
                "ip_family_policy": "SingleStack",
                "load_balancer_class": "",
                "load_balancer_ip": "",
                "load_balancer_source_ranges": null,
                "port": [
                  {
                    "app_protocol": "",
                    "name": "bgp",
                    "node_port": 0,
                    "port": 179,
                    "protocol": "TCP",
                    "target_port": "179"
                  }
                ],
                "publish_not_ready_addresses": false,
                "selector": {
                  "k8s-app": "vnf-wan-site2"
                },
                "session_affinity": "None",
                "session_affinity_config": [],
                "type": "ClusterIP"
              }
            ],
            "status": [
              {
                "load_balancer": [
                  {
                    "ingress": []
                  }
                ]
              }
            ],
            "timeouts": null,
            "wait_for_load_balancer": true
          },
          "sensitive_attributes": [],
          "private": "eyJlMmJmYjczMC1lY2FhLTExZTYtOGY4OC0zNDM2M2JjN2M0YzAiOnsiY3JlYXRlIjo2MDAwMDAwMDAwMDB9LCJzY2hlbWFfdmVyc2lvbiI6IjEifQ=="
        }
      ]
    },
    {
      "mode": "managed",
      "type": "kubernetes_storage_class",
      "name": "hostpath_immediate",
      "provider": "provider[\"registry.terraform.io/hashicorp/kubernetes\"]",
      "instances": [
        {
          "schema_version": 0,
          "attributes": {
            "allow_volume_expansion": true,
            "allowed_topologies": [],
            "id": "hostpath-immediate",
            "metadata": [
              {
                "annotations": {
                  "storageclass.kubernetes.io/is-default-class": "false"
                },
                "generate_name": "",
                "generation": 0,
                "labels": null,
                "name": "hostpath-immediate",
                "resource_version": "269352",
                "uid": "33f3f76a-d1ec-428e-a51c-65dc33cab3f7"
              }
            ],
            "mount_options": null,
            "parameters": null,
            "reclaim_policy": "Delete",
            "storage_provisioner": "microk8s.io/hostpath",
            "volume_binding_mode": "Immediate"
          },
          "sensitive_attributes": [],
          "private": "bnVsbA=="
        }
      ]
    }
  ],
  "check_results": null
}
